// !$*UTF8*$!
{
	archiveVersion = 1;
	classes = {
	};
	objectVersion = 46;
	objects = {

/* Begin PBXBuildFile section */
		B34B73911BBD73430059443A /* main.cpp in Sources */ = {isa = PBXBuildFile; fileRef = B34B73901BBD73430059443A /* main.cpp */; };
		B34B73991BBDE08C0059443A /* browser.cpp in Sources */ = {isa = PBXBuildFile; fileRef = B34B73971BBDE08C0059443A /* browser.cpp */; settings = {ASSET_TAGS = (); }; };
		B34B739D1BBDE2B70059443A /* strutil.cpp in Sources */ = {isa = PBXBuildFile; fileRef = B34B739B1BBDE2B70059443A /* strutil.cpp */; settings = {ASSET_TAGS = (); }; };
		B34B73A41BBDE6350059443A /* err.cpp in Sources */ = {isa = PBXBuildFile; fileRef = B34B73A21BBDE6350059443A /* err.cpp */; settings = {ASSET_TAGS = (); }; };
		B34B73A71BBDEF850059443A /* url.cpp in Sources */ = {isa = PBXBuildFile; fileRef = B34B73A51BBDEF850059443A /* url.cpp */; settings = {ASSET_TAGS = (); }; };
		B34B73AB1BBDF5F20059443A /* connection.cpp in Sources */ = {isa = PBXBuildFile; fileRef = B34B73A91BBDF5F20059443A /* connection.cpp */; settings = {ASSET_TAGS = (); }; };
		B34B73AE1BBDF8270059443A /* SubConnection.cpp in Sources */ = {isa = PBXBuildFile; fileRef = B34B73AC1BBDF8270059443A /* SubConnection.cpp */; settings = {ASSET_TAGS = (); }; };
		B34B73B11BBE719A0059443A /* SslWrapper.cpp in Sources */ = {isa = PBXBuildFile; fileRef = B34B73AF1BBE719A0059443A /* SslWrapper.cpp */; settings = {ASSET_TAGS = (); }; };
		B34B73B51BBE7F580059443A /* record.cpp in Sources */ = {isa = PBXBuildFile; fileRef = B34B73B31BBE7F580059443A /* record.cpp */; settings = {ASSET_TAGS = (); }; };
		B34B73B81BBE7F8B0059443A /* protocol-version.cpp in Sources */ = {isa = PBXBuildFile; fileRef = B34B73B61BBE7F8B0059443A /* protocol-version.cpp */; settings = {ASSET_TAGS = (); }; };
		B34B73BB1BBE804A0059443A /* exportable.cpp in Sources */ = {isa = PBXBuildFile; fileRef = B34B73B91BBE804A0059443A /* exportable.cpp */; settings = {ASSET_TAGS = (); }; };
		B34B73BE1BBE853D0059443A /* handshake.cpp in Sources */ = {isa = PBXBuildFile; fileRef = B34B73BC1BBE853D0059443A /* handshake.cpp */; settings = {ASSET_TAGS = (); }; };
		B34B73C11BBE87050059443A /* client-hello.cpp in Sources */ = {isa = PBXBuildFile; fileRef = B34B73BF1BBE87050059443A /* client-hello.cpp */; settings = {ASSET_TAGS = (); }; };
		B34B73C51BBE87C00059443A /* random.cpp in Sources */ = {isa = PBXBuildFile; fileRef = B34B73C31BBE87C00059443A /* random.cpp */; settings = {ASSET_TAGS = (); }; };
		B34B73C81BBE89280059443A /* util.cpp in Sources */ = {isa = PBXBuildFile; fileRef = B34B73C61BBE89280059443A /* util.cpp */; settings = {ASSET_TAGS = (); }; };
		B34B73D11BBE8B510059443A /* session-id.cpp in Sources */ = {isa = PBXBuildFile; fileRef = B34B73CF1BBE8B510059443A /* session-id.cpp */; settings = {ASSET_TAGS = (); }; };
		B34B73D41BBE8C4A0059443A /* cipher-suite.cpp in Sources */ = {isa = PBXBuildFile; fileRef = B34B73D21BBE8C4A0059443A /* cipher-suite.cpp */; settings = {ASSET_TAGS = (); }; };
		B34B73D71BBE8E2A0059443A /* extension.cpp in Sources */ = {isa = PBXBuildFile; fileRef = B34B73D51BBE8E2A0059443A /* extension.cpp */; settings = {ASSET_TAGS = (); }; };
		B3770DED1BC14CA50051D2AB /* server-hello.cpp in Sources */ = {isa = PBXBuildFile; fileRef = B3770DEB1BC14CA50051D2AB /* server-hello.cpp */; settings = {ASSET_TAGS = (); }; };
		B3770DF01BC14D910051D2AB /* compression-method.cpp in Sources */ = {isa = PBXBuildFile; fileRef = B3770DEE1BC14D910051D2AB /* compression-method.cpp */; settings = {ASSET_TAGS = (); }; };
		B3770DF41BC164700051D2AB /* alert.cpp in Sources */ = {isa = PBXBuildFile; fileRef = B3770DF21BC164700051D2AB /* alert.cpp */; settings = {ASSET_TAGS = (); }; };
		B37EB64C1BC22BA3005E04B0 /* certificate.cpp in Sources */ = {isa = PBXBuildFile; fileRef = B37EB64A1BC22BA3005E04B0 /* certificate.cpp */; settings = {ASSET_TAGS = (); }; };
		B37EB6501BC22C51005E04B0 /* asn-1cert.cpp in Sources */ = {isa = PBXBuildFile; fileRef = B37EB64E1BC22C51005E04B0 /* asn-1cert.cpp */; settings = {ASSET_TAGS = (); }; };
		B37EB6531BC22E70005E04B0 /* server-key-exchange.cpp in Sources */ = {isa = PBXBuildFile; fileRef = B37EB6511BC22E70005E04B0 /* server-key-exchange.cpp */; settings = {ASSET_TAGS = (); }; };
		B37EB6561BC22E9E005E04B0 /* server-hello-done.cpp in Sources */ = {isa = PBXBuildFile; fileRef = B37EB6541BC22E9E005E04B0 /* server-hello-done.cpp */; settings = {ASSET_TAGS = (); }; };
		B37EB65A1BC236B8005E04B0 /* digitally-signed.cpp in Sources */ = {isa = PBXBuildFile; fileRef = B37EB6581BC236B8005E04B0 /* digitally-signed.cpp */; settings = {ASSET_TAGS = (); }; };
		B37EB65D1BC237B1005E04B0 /* server-dh-params.cpp in Sources */ = {isa = PBXBuildFile; fileRef = B37EB65B1BC237B1005E04B0 /* server-dh-params.cpp */; settings = {ASSET_TAGS = (); }; };
		B3D8FBF61BC3CAC400356772 /* certificate-request.cpp in Sources */ = {isa = PBXBuildFile; fileRef = B3D8FBF41BC3CAC400356772 /* certificate-request.cpp */; settings = {ASSET_TAGS = (); }; };
		B3D8FBF91BC3D67C00356772 /* client-key-exchange.cpp in Sources */ = {isa = PBXBuildFile; fileRef = B3D8FBF71BC3D67C00356772 /* client-key-exchange.cpp */; settings = {ASSET_TAGS = (); }; };
		B3D8FBFC1BC3D7C600356772 /* encrypted-pre-master-secret.cpp in Sources */ = {isa = PBXBuildFile; fileRef = B3D8FBFA1BC3D7C600356772 /* encrypted-pre-master-secret.cpp */; settings = {ASSET_TAGS = (); }; };
		B3D8FC001BC3D80C00356772 /* client-diffie-hellman-public.cpp in Sources */ = {isa = PBXBuildFile; fileRef = B3D8FBFE1BC3D80C00356772 /* client-diffie-hellman-public.cpp */; settings = {ASSET_TAGS = (); }; };
		B3D8FC031BC3D8B000356772 /* pre-master-secret.cpp in Sources */ = {isa = PBXBuildFile; fileRef = B3D8FC011BC3D8B000356772 /* pre-master-secret.cpp */; settings = {ASSET_TAGS = (); }; };
		B3D8FC061BC3DF0C00356772 /* change-cipher-spec.cpp in Sources */ = {isa = PBXBuildFile; fileRef = B3D8FC041BC3DF0C00356772 /* change-cipher-spec.cpp */; settings = {ASSET_TAGS = (); }; };
		B3D8FC091BC3E01A00356772 /* finished.cpp in Sources */ = {isa = PBXBuildFile; fileRef = B3D8FC071BC3E01A00356772 /* finished.cpp */; settings = {ASSET_TAGS = (); }; };
		B3D8FC0D1BC3E99500356772 /* cipher.cpp in Sources */ = {isa = PBXBuildFile; fileRef = B3D8FC0B1BC3E99500356772 /* cipher.cpp */; settings = {ASSET_TAGS = (); }; };
		B3D8FC101BC3EB7500356772 /* mac.cpp in Sources */ = {isa = PBXBuildFile; fileRef = B3D8FC0E1BC3EB7500356772 /* mac.cpp */; settings = {ASSET_TAGS = (); }; };
/* End PBXBuildFile section */

/* Begin PBXCopyFilesBuildPhase section */
		B34B738B1BBD73430059443A /* CopyFiles */ = {
			isa = PBXCopyFilesBuildPhase;
			buildActionMask = 2147483647;
			dstPath = /usr/share/man/man1/;
			dstSubfolderSpec = 0;
			files = (
			);
			runOnlyForDeploymentPostprocessing = 1;
		};
/* End PBXCopyFilesBuildPhase section */

/* Begin PBXFileReference section */
		B34B738D1BBD73430059443A /* browser-cc */ = {isa = PBXFileReference; explicitFileType = "compiled.mach-o.executable"; includeInIndex = 0; path = "browser-cc"; sourceTree = BUILT_PRODUCTS_DIR; };
		B34B73901BBD73430059443A /* main.cpp */ = {isa = PBXFileReference; lastKnownFileType = sourcecode.cpp.cpp; path = main.cpp; sourceTree = "<group>"; };
		B34B73971BBDE08C0059443A /* browser.cpp */ = {isa = PBXFileReference; fileEncoding = 4; lastKnownFileType = sourcecode.cpp.cpp; path = browser.cpp; sourceTree = "<group>"; };
		B34B73981BBDE08C0059443A /* browser.hpp */ = {isa = PBXFileReference; fileEncoding = 4; lastKnownFileType = sourcecode.cpp.h; path = browser.hpp; sourceTree = "<group>"; };
		B34B739B1BBDE2B70059443A /* strutil.cpp */ = {isa = PBXFileReference; fileEncoding = 4; lastKnownFileType = sourcecode.cpp.cpp; path = strutil.cpp; sourceTree = "<group>"; };
		B34B739C1BBDE2B70059443A /* strutil.hpp */ = {isa = PBXFileReference; fileEncoding = 4; lastKnownFileType = sourcecode.cpp.h; path = strutil.hpp; sourceTree = "<group>"; };
		B34B739E1BBDE54F0059443A /* setting.hpp */ = {isa = PBXFileReference; lastKnownFileType = sourcecode.cpp.h; path = setting.hpp; sourceTree = "<group>"; };
		B34B73A21BBDE6350059443A /* err.cpp */ = {isa = PBXFileReference; fileEncoding = 4; lastKnownFileType = sourcecode.cpp.cpp; path = err.cpp; sourceTree = "<group>"; };
		B34B73A31BBDE6350059443A /* err.hpp */ = {isa = PBXFileReference; fileEncoding = 4; lastKnownFileType = sourcecode.cpp.h; path = err.hpp; sourceTree = "<group>"; };
		B34B73A51BBDEF850059443A /* url.cpp */ = {isa = PBXFileReference; fileEncoding = 4; lastKnownFileType = sourcecode.cpp.cpp; path = url.cpp; sourceTree = "<group>"; };
		B34B73A61BBDEF850059443A /* url.hpp */ = {isa = PBXFileReference; fileEncoding = 4; lastKnownFileType = sourcecode.cpp.h; path = url.hpp; sourceTree = "<group>"; };
		B34B73A91BBDF5F20059443A /* connection.cpp */ = {isa = PBXFileReference; fileEncoding = 4; lastKnownFileType = sourcecode.cpp.cpp; path = connection.cpp; sourceTree = "<group>"; };
		B34B73AA1BBDF5F20059443A /* connection.hpp */ = {isa = PBXFileReference; fileEncoding = 4; lastKnownFileType = sourcecode.cpp.h; path = connection.hpp; sourceTree = "<group>"; };
		B34B73AC1BBDF8270059443A /* SubConnection.cpp */ = {isa = PBXFileReference; fileEncoding = 4; lastKnownFileType = sourcecode.cpp.cpp; path = SubConnection.cpp; sourceTree = "<group>"; };
		B34B73AD1BBDF8270059443A /* SubConnection.hpp */ = {isa = PBXFileReference; fileEncoding = 4; lastKnownFileType = sourcecode.cpp.h; path = SubConnection.hpp; sourceTree = "<group>"; };
		B34B73AF1BBE719A0059443A /* SslWrapper.cpp */ = {isa = PBXFileReference; fileEncoding = 4; lastKnownFileType = sourcecode.cpp.cpp; path = SslWrapper.cpp; sourceTree = "<group>"; };
		B34B73B01BBE719A0059443A /* SslWrapper.hpp */ = {isa = PBXFileReference; fileEncoding = 4; lastKnownFileType = sourcecode.cpp.h; path = SslWrapper.hpp; sourceTree = "<group>"; };
		B34B73B31BBE7F580059443A /* record.cpp */ = {isa = PBXFileReference; fileEncoding = 4; lastKnownFileType = sourcecode.cpp.cpp; path = record.cpp; sourceTree = "<group>"; };
		B34B73B41BBE7F580059443A /* record.hpp */ = {isa = PBXFileReference; fileEncoding = 4; lastKnownFileType = sourcecode.cpp.h; path = record.hpp; sourceTree = "<group>"; };
		B34B73B61BBE7F8B0059443A /* protocol-version.cpp */ = {isa = PBXFileReference; fileEncoding = 4; lastKnownFileType = sourcecode.cpp.cpp; path = "protocol-version.cpp"; sourceTree = "<group>"; };
		B34B73B71BBE7F8B0059443A /* protocol-version.hpp */ = {isa = PBXFileReference; fileEncoding = 4; lastKnownFileType = sourcecode.cpp.h; path = "protocol-version.hpp"; sourceTree = "<group>"; };
		B34B73B91BBE804A0059443A /* exportable.cpp */ = {isa = PBXFileReference; fileEncoding = 4; lastKnownFileType = sourcecode.cpp.cpp; path = exportable.cpp; sourceTree = "<group>"; };
		B34B73BA1BBE804A0059443A /* exportable.hpp */ = {isa = PBXFileReference; fileEncoding = 4; lastKnownFileType = sourcecode.cpp.h; path = exportable.hpp; sourceTree = "<group>"; };
		B34B73BC1BBE853D0059443A /* handshake.cpp */ = {isa = PBXFileReference; fileEncoding = 4; lastKnownFileType = sourcecode.cpp.cpp; path = handshake.cpp; sourceTree = "<group>"; };
		B34B73BD1BBE853D0059443A /* handshake.hpp */ = {isa = PBXFileReference; fileEncoding = 4; lastKnownFileType = sourcecode.cpp.h; path = handshake.hpp; sourceTree = "<group>"; };
		B34B73BF1BBE87050059443A /* client-hello.cpp */ = {isa = PBXFileReference; fileEncoding = 4; lastKnownFileType = sourcecode.cpp.cpp; path = "client-hello.cpp"; sourceTree = "<group>"; };
		B34B73C01BBE87050059443A /* client-hello.hpp */ = {isa = PBXFileReference; fileEncoding = 4; lastKnownFileType = sourcecode.cpp.h; path = "client-hello.hpp"; sourceTree = "<group>"; };
		B34B73C31BBE87C00059443A /* random.cpp */ = {isa = PBXFileReference; fileEncoding = 4; lastKnownFileType = sourcecode.cpp.cpp; path = random.cpp; sourceTree = "<group>"; };
		B34B73C41BBE87C00059443A /* random.hpp */ = {isa = PBXFileReference; fileEncoding = 4; lastKnownFileType = sourcecode.cpp.h; path = random.hpp; sourceTree = "<group>"; };
		B34B73C61BBE89280059443A /* util.cpp */ = {isa = PBXFileReference; fileEncoding = 4; lastKnownFileType = sourcecode.cpp.cpp; path = util.cpp; sourceTree = "<group>"; };
		B34B73C71BBE89280059443A /* util.hpp */ = {isa = PBXFileReference; fileEncoding = 4; lastKnownFileType = sourcecode.cpp.h; path = util.hpp; sourceTree = "<group>"; };
		B34B73CF1BBE8B510059443A /* session-id.cpp */ = {isa = PBXFileReference; fileEncoding = 4; lastKnownFileType = sourcecode.cpp.cpp; path = "session-id.cpp"; sourceTree = "<group>"; };
		B34B73D01BBE8B510059443A /* session-id.hpp */ = {isa = PBXFileReference; fileEncoding = 4; lastKnownFileType = sourcecode.cpp.h; path = "session-id.hpp"; sourceTree = "<group>"; };
		B34B73D21BBE8C4A0059443A /* cipher-suite.cpp */ = {isa = PBXFileReference; fileEncoding = 4; lastKnownFileType = sourcecode.cpp.cpp; path = "cipher-suite.cpp"; sourceTree = "<group>"; };
		B34B73D31BBE8C4A0059443A /* cipher-suite.hpp */ = {isa = PBXFileReference; fileEncoding = 4; lastKnownFileType = sourcecode.cpp.h; path = "cipher-suite.hpp"; sourceTree = "<group>"; };
		B34B73D51BBE8E2A0059443A /* extension.cpp */ = {isa = PBXFileReference; fileEncoding = 4; lastKnownFileType = sourcecode.cpp.cpp; path = extension.cpp; sourceTree = "<group>"; };
		B34B73D61BBE8E2A0059443A /* extension.hpp */ = {isa = PBXFileReference; fileEncoding = 4; lastKnownFileType = sourcecode.cpp.h; path = extension.hpp; sourceTree = "<group>"; };
		B3770DEB1BC14CA50051D2AB /* server-hello.cpp */ = {isa = PBXFileReference; fileEncoding = 4; lastKnownFileType = sourcecode.cpp.cpp; path = "server-hello.cpp"; sourceTree = "<group>"; };
		B3770DEC1BC14CA50051D2AB /* server-hello.hpp */ = {isa = PBXFileReference; fileEncoding = 4; lastKnownFileType = sourcecode.cpp.h; path = "server-hello.hpp"; sourceTree = "<group>"; };
		B3770DEE1BC14D910051D2AB /* compression-method.cpp */ = {isa = PBXFileReference; fileEncoding = 4; lastKnownFileType = sourcecode.cpp.cpp; path = "compression-method.cpp"; sourceTree = "<group>"; };
		B3770DEF1BC14D910051D2AB /* compression-method.hpp */ = {isa = PBXFileReference; fileEncoding = 4; lastKnownFileType = sourcecode.cpp.h; path = "compression-method.hpp"; sourceTree = "<group>"; };
		B3770DF21BC164700051D2AB /* alert.cpp */ = {isa = PBXFileReference; fileEncoding = 4; lastKnownFileType = sourcecode.cpp.cpp; path = alert.cpp; sourceTree = "<group>"; };
		B3770DF31BC164700051D2AB /* alert.hpp */ = {isa = PBXFileReference; fileEncoding = 4; lastKnownFileType = sourcecode.cpp.h; path = alert.hpp; sourceTree = "<group>"; };
		B37EB64A1BC22BA3005E04B0 /* certificate.cpp */ = {isa = PBXFileReference; fileEncoding = 4; lastKnownFileType = sourcecode.cpp.cpp; path = certificate.cpp; sourceTree = "<group>"; };
		B37EB64B1BC22BA3005E04B0 /* certificate.hpp */ = {isa = PBXFileReference; fileEncoding = 4; lastKnownFileType = sourcecode.cpp.h; path = certificate.hpp; sourceTree = "<group>"; };
		B37EB64E1BC22C51005E04B0 /* asn-1cert.cpp */ = {isa = PBXFileReference; fileEncoding = 4; lastKnownFileType = sourcecode.cpp.cpp; path = "asn-1cert.cpp"; sourceTree = "<group>"; };
		B37EB64F1BC22C51005E04B0 /* asn-1cert.hpp */ = {isa = PBXFileReference; fileEncoding = 4; lastKnownFileType = sourcecode.cpp.h; path = "asn-1cert.hpp"; sourceTree = "<group>"; };
		B37EB6511BC22E70005E04B0 /* server-key-exchange.cpp */ = {isa = PBXFileReference; fileEncoding = 4; lastKnownFileType = sourcecode.cpp.cpp; path = "server-key-exchange.cpp"; sourceTree = "<group>"; };
		B37EB6521BC22E70005E04B0 /* server-key-exchange.hpp */ = {isa = PBXFileReference; fileEncoding = 4; lastKnownFileType = sourcecode.cpp.h; path = "server-key-exchange.hpp"; sourceTree = "<group>"; };
		B37EB6541BC22E9E005E04B0 /* server-hello-done.cpp */ = {isa = PBXFileReference; fileEncoding = 4; lastKnownFileType = sourcecode.cpp.cpp; path = "server-hello-done.cpp"; sourceTree = "<group>"; };
		B37EB6551BC22E9E005E04B0 /* server-hello-done.hpp */ = {isa = PBXFileReference; fileEncoding = 4; lastKnownFileType = sourcecode.cpp.h; path = "server-hello-done.hpp"; sourceTree = "<group>"; };
		B37EB6581BC236B8005E04B0 /* digitally-signed.cpp */ = {isa = PBXFileReference; fileEncoding = 4; lastKnownFileType = sourcecode.cpp.cpp; path = "digitally-signed.cpp"; sourceTree = "<group>"; };
		B37EB6591BC236B8005E04B0 /* digitally-signed.hpp */ = {isa = PBXFileReference; fileEncoding = 4; lastKnownFileType = sourcecode.cpp.h; path = "digitally-signed.hpp"; sourceTree = "<group>"; };
		B37EB65B1BC237B1005E04B0 /* server-dh-params.cpp */ = {isa = PBXFileReference; fileEncoding = 4; lastKnownFileType = sourcecode.cpp.cpp; path = "server-dh-params.cpp"; sourceTree = "<group>"; };
		B37EB65C1BC237B1005E04B0 /* server-dh-params.hpp */ = {isa = PBXFileReference; fileEncoding = 4; lastKnownFileType = sourcecode.cpp.h; path = "server-dh-params.hpp"; sourceTree = "<group>"; };
		B3D8FBF41BC3CAC400356772 /* certificate-request.cpp */ = {isa = PBXFileReference; fileEncoding = 4; lastKnownFileType = sourcecode.cpp.cpp; path = "certificate-request.cpp"; sourceTree = "<group>"; };
		B3D8FBF51BC3CAC400356772 /* certificate-request.hpp */ = {isa = PBXFileReference; fileEncoding = 4; lastKnownFileType = sourcecode.cpp.h; path = "certificate-request.hpp"; sourceTree = "<group>"; };
		B3D8FBF71BC3D67C00356772 /* client-key-exchange.cpp */ = {isa = PBXFileReference; fileEncoding = 4; lastKnownFileType = sourcecode.cpp.cpp; path = "client-key-exchange.cpp"; sourceTree = "<group>"; };
		B3D8FBF81BC3D67C00356772 /* client-key-exchange.hpp */ = {isa = PBXFileReference; fileEncoding = 4; lastKnownFileType = sourcecode.cpp.h; path = "client-key-exchange.hpp"; sourceTree = "<group>"; };
		B3D8FBFA1BC3D7C600356772 /* encrypted-pre-master-secret.cpp */ = {isa = PBXFileReference; fileEncoding = 4; lastKnownFileType = sourcecode.cpp.cpp; path = "encrypted-pre-master-secret.cpp"; sourceTree = "<group>"; };
		B3D8FBFB1BC3D7C600356772 /* encrypted-pre-master-secret.hpp */ = {isa = PBXFileReference; fileEncoding = 4; lastKnownFileType = sourcecode.cpp.h; path = "encrypted-pre-master-secret.hpp"; sourceTree = "<group>"; };
		B3D8FBFE1BC3D80C00356772 /* client-diffie-hellman-public.cpp */ = {isa = PBXFileReference; fileEncoding = 4; lastKnownFileType = sourcecode.cpp.cpp; path = "client-diffie-hellman-public.cpp"; sourceTree = "<group>"; };
		B3D8FBFF1BC3D80C00356772 /* client-diffie-hellman-public.hpp */ = {isa = PBXFileReference; fileEncoding = 4; lastKnownFileType = sourcecode.cpp.h; path = "client-diffie-hellman-public.hpp"; sourceTree = "<group>"; };
		B3D8FC011BC3D8B000356772 /* pre-master-secret.cpp */ = {isa = PBXFileReference; fileEncoding = 4; lastKnownFileType = sourcecode.cpp.cpp; path = "pre-master-secret.cpp"; sourceTree = "<group>"; };
		B3D8FC021BC3D8B000356772 /* pre-master-secret.hpp */ = {isa = PBXFileReference; fileEncoding = 4; lastKnownFileType = sourcecode.cpp.h; path = "pre-master-secret.hpp"; sourceTree = "<group>"; };
		B3D8FC041BC3DF0C00356772 /* change-cipher-spec.cpp */ = {isa = PBXFileReference; fileEncoding = 4; lastKnownFileType = sourcecode.cpp.cpp; path = "change-cipher-spec.cpp"; sourceTree = "<group>"; };
		B3D8FC051BC3DF0C00356772 /* change-cipher-spec.hpp */ = {isa = PBXFileReference; fileEncoding = 4; lastKnownFileType = sourcecode.cpp.h; path = "change-cipher-spec.hpp"; sourceTree = "<group>"; };
		B3D8FC071BC3E01A00356772 /* finished.cpp */ = {isa = PBXFileReference; fileEncoding = 4; lastKnownFileType = sourcecode.cpp.cpp; path = finished.cpp; sourceTree = "<group>"; };
		B3D8FC081BC3E01A00356772 /* finished.hpp */ = {isa = PBXFileReference; fileEncoding = 4; lastKnownFileType = sourcecode.cpp.h; path = finished.hpp; sourceTree = "<group>"; };
		B3D8FC0B1BC3E99500356772 /* cipher.cpp */ = {isa = PBXFileReference; fileEncoding = 4; lastKnownFileType = sourcecode.cpp.cpp; path = cipher.cpp; sourceTree = "<group>"; };
		B3D8FC0C1BC3E99500356772 /* cipher.hpp */ = {isa = PBXFileReference; fileEncoding = 4; lastKnownFileType = sourcecode.cpp.h; path = cipher.hpp; sourceTree = "<group>"; };
		B3D8FC0E1BC3EB7500356772 /* mac.cpp */ = {isa = PBXFileReference; fileEncoding = 4; lastKnownFileType = sourcecode.cpp.cpp; path = mac.cpp; sourceTree = "<group>"; };
		B3D8FC0F1BC3EB7500356772 /* mac.hpp */ = {isa = PBXFileReference; fileEncoding = 4; lastKnownFileType = sourcecode.cpp.h; path = mac.hpp; sourceTree = "<group>"; };
/* End PBXFileReference section */

/* Begin PBXFrameworksBuildPhase section */
		B34B738A1BBD73430059443A /* Frameworks */ = {
			isa = PBXFrameworksBuildPhase;
			buildActionMask = 2147483647;
			files = (
			);
			runOnlyForDeploymentPostprocessing = 0;
		};
/* End PBXFrameworksBuildPhase section */

/* Begin PBXGroup section */
		B34B73841BBD73430059443A = {
			isa = PBXGroup;
			children = (
				B34B738F1BBD73430059443A /* browser-cc */,
				B34B738E1BBD73430059443A /* Products */,
			);
			sourceTree = "<group>";
		};
		B34B738E1BBD73430059443A /* Products */ = {
			isa = PBXGroup;
			children = (
				B34B738D1BBD73430059443A /* browser-cc */,
			);
			name = Products;
			sourceTree = "<group>";
		};
		B34B738F1BBD73430059443A /* browser-cc */ = {
			isa = PBXGroup;
			children = (
				B34B73A81BBDEF900059443A /* object */,
				B34B739A1BBDE2A40059443A /* util */,
				B34B73901BBD73430059443A /* main.cpp */,
				B34B73971BBDE08C0059443A /* browser.cpp */,
				B34B73981BBDE08C0059443A /* browser.hpp */,
			);
			path = "browser-cc";
			sourceTree = "<group>";
		};
		B34B739A1BBDE2A40059443A /* util */ = {
			isa = PBXGroup;
			children = (
				B34B73A21BBDE6350059443A /* err.cpp */,
				B34B73A31BBDE6350059443A /* err.hpp */,
				B34B739B1BBDE2B70059443A /* strutil.cpp */,
				B34B739C1BBDE2B70059443A /* strutil.hpp */,
				B34B739E1BBDE54F0059443A /* setting.hpp */,
				B34B73C61BBE89280059443A /* util.cpp */,
				B34B73C71BBE89280059443A /* util.hpp */,
			);
			name = util;
			sourceTree = "<group>";
		};
		B34B73A81BBDEF900059443A /* object */ = {
			isa = PBXGroup;
			children = (
				B34B73B21BBE7DD50059443A /* ssl */,
				B3779DB91BC5C34600758997 /* connection */,
			);
			name = object;
			sourceTree = "<group>";
		};
		B34B73B21BBE7DD50059443A /* ssl */ = {
			isa = PBXGroup;
			children = (
				B3770DF11BC164580051D2AB /* alert */,
				B34B73C21BBE87110059443A /* handshake */,
				B34B73AF1BBE719A0059443A /* SslWrapper.cpp */,
				B3D8FC041BC3DF0C00356772 /* change-cipher-spec.cpp */,
				B3D8FC051BC3DF0C00356772 /* change-cipher-spec.hpp */,
				B34B73B01BBE719A0059443A /* SslWrapper.hpp */,
				B34B73B31BBE7F580059443A /* record.cpp */,
				B34B73B41BBE7F580059443A /* record.hpp */,
				B34B73B61BBE7F8B0059443A /* protocol-version.cpp */,
				B34B73B71BBE7F8B0059443A /* protocol-version.hpp */,
				B34B73B91BBE804A0059443A /* exportable.cpp */,
				B34B73BA1BBE804A0059443A /* exportable.hpp */,
			);
			name = ssl;
			sourceTree = "<group>";
		};
		B34B73C21BBE87110059443A /* handshake */ = {
			isa = PBXGroup;
			children = (
				B3D8FC0A1BC3E89800356772 /* cipher */,
				B3D8FBFD1BC3D7CE00356772 /* Client Key Exchange */,
				B3D8FBF41BC3CAC400356772 /* certificate-request.cpp */,
				B3D8FBF51BC3CAC400356772 /* certificate-request.hpp */,
				B37EB64D1BC22C35005E04B0 /* cetificate */,
				B3770DEB1BC14CA50051D2AB /* server-hello.cpp */,
				B3770DEC1BC14CA50051D2AB /* server-hello.hpp */,
				B37EB6491BC22B8D005E04B0 /* mini objects */,
				B34B73BC1BBE853D0059443A /* handshake.cpp */,
				B34B73BD1BBE853D0059443A /* handshake.hpp */,
				B34B73BF1BBE87050059443A /* client-hello.cpp */,
				B34B73C01BBE87050059443A /* client-hello.hpp */,
				B37EB6571BC2360E005E04B0 /* Server Key Exchange */,
				B37EB6541BC22E9E005E04B0 /* server-hello-done.cpp */,
				B37EB6551BC22E9E005E04B0 /* server-hello-done.hpp */,
				B3D8FC071BC3E01A00356772 /* finished.cpp */,
				B3D8FC081BC3E01A00356772 /* finished.hpp */,
			);
			name = handshake;
			sourceTree = "<group>";
		};
		B3770DF11BC164580051D2AB /* alert */ = {
			isa = PBXGroup;
			children = (
				B3770DF21BC164700051D2AB /* alert.cpp */,
				B3770DF31BC164700051D2AB /* alert.hpp */,
			);
			name = alert;
			sourceTree = "<group>";
		};
		B3779DB91BC5C34600758997 /* connection */ = {
			isa = PBXGroup;
			children = (
				B34B73AC1BBDF8270059443A /* SubConnection.cpp */,
				B34B73AD1BBDF8270059443A /* SubConnection.hpp */,
				B34B73A91BBDF5F20059443A /* connection.cpp */,
				B34B73AA1BBDF5F20059443A /* connection.hpp */,
				B34B73A51BBDEF850059443A /* url.cpp */,
				B34B73A61BBDEF850059443A /* url.hpp */,
			);
			name = connection;
			sourceTree = "<group>";
		};
		B3779DBA1BC71B5A00758997 /* asn1 */ = {
			isa = PBXGroup;
			children = (
			);
			name = asn1;
			sourceTree = "<group>";
		};
		B37EB6491BC22B8D005E04B0 /* mini objects */ = {
			isa = PBXGroup;
			children = (
				B34B73CF1BBE8B510059443A /* session-id.cpp */,
				B34B73D01BBE8B510059443A /* session-id.hpp */,
				B3770DEE1BC14D910051D2AB /* compression-method.cpp */,
				B3770DEF1BC14D910051D2AB /* compression-method.hpp */,
				B34B73D51BBE8E2A0059443A /* extension.cpp */,
				B34B73D61BBE8E2A0059443A /* extension.hpp */,
				B34B73C31BBE87C00059443A /* random.cpp */,
				B34B73C41BBE87C00059443A /* random.hpp */,
			);
			name = "mini objects";
			sourceTree = "<group>";
		};
		B37EB64D1BC22C35005E04B0 /* cetificate */ = {
			isa = PBXGroup;
			children = (
				B37EB64A1BC22BA3005E04B0 /* certificate.cpp */,
				B37EB64B1BC22BA3005E04B0 /* certificate.hpp */,
				B37EB64E1BC22C51005E04B0 /* asn-1cert.cpp */,
				B37EB64F1BC22C51005E04B0 /* asn-1cert.hpp */,
			);
			name = cetificate;
			sourceTree = "<group>";
		};
		B37EB6571BC2360E005E04B0 /* Server Key Exchange */ = {
			isa = PBXGroup;
			children = (
				B37EB6511BC22E70005E04B0 /* server-key-exchange.cpp */,
				B37EB6521BC22E70005E04B0 /* server-key-exchange.hpp */,
				B37EB6581BC236B8005E04B0 /* digitally-signed.cpp */,
				B37EB6591BC236B8005E04B0 /* digitally-signed.hpp */,
				B37EB65B1BC237B1005E04B0 /* server-dh-params.cpp */,
				B37EB65C1BC237B1005E04B0 /* server-dh-params.hpp */,
			);
			name = "Server Key Exchange";
			sourceTree = "<group>";
		};
		B3D8FBFD1BC3D7CE00356772 /* Client Key Exchange */ = {
			isa = PBXGroup;
			children = (
				B3D8FBF71BC3D67C00356772 /* client-key-exchange.cpp */,
				B3D8FBF81BC3D67C00356772 /* client-key-exchange.hpp */,
				B3D8FBFA1BC3D7C600356772 /* encrypted-pre-master-secret.cpp */,
				B3D8FBFB1BC3D7C600356772 /* encrypted-pre-master-secret.hpp */,
				B3D8FC011BC3D8B000356772 /* pre-master-secret.cpp */,
				B3D8FC021BC3D8B000356772 /* pre-master-secret.hpp */,
				B3D8FBFE1BC3D80C00356772 /* client-diffie-hellman-public.cpp */,
				B3D8FBFF1BC3D80C00356772 /* client-diffie-hellman-public.hpp */,
			);
			name = "Client Key Exchange";
			sourceTree = "<group>";
		};
		B3D8FC0A1BC3E89800356772 /* cipher */ = {
			isa = PBXGroup;
			children = (
				B3779DBA1BC71B5A00758997 /* asn1 */,
				B34B73D21BBE8C4A0059443A /* cipher-suite.cpp */,
				B34B73D31BBE8C4A0059443A /* cipher-suite.hpp */,
				B3D8FC0B1BC3E99500356772 /* cipher.cpp */,
				B3D8FC0C1BC3E99500356772 /* cipher.hpp */,
				B3D8FC0E1BC3EB7500356772 /* mac.cpp */,
				B3D8FC0F1BC3EB7500356772 /* mac.hpp */,
			);
			name = cipher;
			sourceTree = "<group>";
		};
/* End PBXGroup section */

/* Begin PBXNativeTarget section */
		B34B738C1BBD73430059443A /* browser-cc */ = {
			isa = PBXNativeTarget;
			buildConfigurationList = B34B73941BBD73430059443A /* Build configuration list for PBXNativeTarget "browser-cc" */;
			buildPhases = (
				B34B73891BBD73430059443A /* Sources */,
				B34B738A1BBD73430059443A /* Frameworks */,
				B34B738B1BBD73430059443A /* CopyFiles */,
			);
			buildRules = (
			);
			dependencies = (
			);
			name = "browser-cc";
			productName = "browser-cc";
			productReference = B34B738D1BBD73430059443A /* browser-cc */;
			productType = "com.apple.product-type.tool";
		};
/* End PBXNativeTarget section */

/* Begin PBXProject section */
		B34B73851BBD73430059443A /* Project object */ = {
			isa = PBXProject;
			attributes = {
				LastUpgradeCheck = 0700;
				ORGANIZATIONNAME = "Nissassin Seventeen";
				TargetAttributes = {
					B34B738C1BBD73430059443A = {
						CreatedOnToolsVersion = 7.0.1;
					};
				};
			};
			buildConfigurationList = B34B73881BBD73430059443A /* Build configuration list for PBXProject "browser-cc" */;
			compatibilityVersion = "Xcode 3.2";
			developmentRegion = English;
			hasScannedForEncodings = 0;
			knownRegions = (
				en,
			);
			mainGroup = B34B73841BBD73430059443A;
			productRefGroup = B34B738E1BBD73430059443A /* Products */;
			projectDirPath = "";
			projectRoot = "";
			targets = (
				B34B738C1BBD73430059443A /* browser-cc */,
			);
		};
/* End PBXProject section */

/* Begin PBXSourcesBuildPhase section */
		B34B73891BBD73430059443A /* Sources */ = {
			isa = PBXSourcesBuildPhase;
			buildActionMask = 2147483647;
			files = (
				B3D8FBFC1BC3D7C600356772 /* encrypted-pre-master-secret.cpp in Sources */,
				B34B739D1BBDE2B70059443A /* strutil.cpp in Sources */,
				B34B73BB1BBE804A0059443A /* exportable.cpp in Sources */,
				B34B73C51BBE87C00059443A /* random.cpp in Sources */,
				B34B73B51BBE7F580059443A /* record.cpp in Sources */,
				B34B73A71BBDEF850059443A /* url.cpp in Sources */,
				B37EB65A1BC236B8005E04B0 /* digitally-signed.cpp in Sources */,
				B37EB6531BC22E70005E04B0 /* server-key-exchange.cpp in Sources */,
				B34B73B11BBE719A0059443A /* SslWrapper.cpp in Sources */,
				B34B73C11BBE87050059443A /* client-hello.cpp in Sources */,
				B37EB64C1BC22BA3005E04B0 /* certificate.cpp in Sources */,
				B34B73D71BBE8E2A0059443A /* extension.cpp in Sources */,
				B3D8FC0D1BC3E99500356772 /* cipher.cpp in Sources */,
				B34B73BE1BBE853D0059443A /* handshake.cpp in Sources */,
				B37EB6501BC22C51005E04B0 /* asn-1cert.cpp in Sources */,
				B34B73C81BBE89280059443A /* util.cpp in Sources */,
				B34B73B81BBE7F8B0059443A /* protocol-version.cpp in Sources */,
				B3770DF41BC164700051D2AB /* alert.cpp in Sources */,
				B34B73991BBDE08C0059443A /* browser.cpp in Sources */,
				B34B73911BBD73430059443A /* main.cpp in Sources */,
				B34B73A41BBDE6350059443A /* err.cpp in Sources */,
				B34B73D11BBE8B510059443A /* session-id.cpp in Sources */,
				B3770DF01BC14D910051D2AB /* compression-method.cpp in Sources */,
				B34B73D41BBE8C4A0059443A /* cipher-suite.cpp in Sources */,
				B34B73AB1BBDF5F20059443A /* connection.cpp in Sources */,
				B34B73AE1BBDF8270059443A /* SubConnection.cpp in Sources */,
				B3D8FC031BC3D8B000356772 /* pre-master-secret.cpp in Sources */,
				B3D8FC001BC3D80C00356772 /* client-diffie-hellman-public.cpp in Sources */,
				B3D8FC061BC3DF0C00356772 /* change-cipher-spec.cpp in Sources */,
				B3D8FBF91BC3D67C00356772 /* client-key-exchange.cpp in Sources */,
				B3D8FC091BC3E01A00356772 /* finished.cpp in Sources */,
				B3770DED1BC14CA50051D2AB /* server-hello.cpp in Sources */,
				B3D8FBF61BC3CAC400356772 /* certificate-request.cpp in Sources */,
				B3D8FC101BC3EB7500356772 /* mac.cpp in Sources */,
				B37EB6561BC22E9E005E04B0 /* server-hello-done.cpp in Sources */,
				B37EB65D1BC237B1005E04B0 /* server-dh-params.cpp in Sources */,
			);
			runOnlyForDeploymentPostprocessing = 0;
		};
/* End PBXSourcesBuildPhase section */

/* Begin XCBuildConfiguration section */
		B34B73921BBD73430059443A /* Debug */ = {
			isa = XCBuildConfiguration;
			buildSettings = {
				ALWAYS_SEARCH_USER_PATHS = NO;
				CLANG_CXX_LANGUAGE_STANDARD = "gnu++0x";
				CLANG_CXX_LIBRARY = "libc++";
				CLANG_ENABLE_MODULES = YES;
				CLANG_ENABLE_OBJC_ARC = YES;
				CLANG_WARN_BOOL_CONVERSION = YES;
				CLANG_WARN_CONSTANT_CONVERSION = YES;
				CLANG_WARN_DIRECT_OBJC_ISA_USAGE = YES_ERROR;
				CLANG_WARN_EMPTY_BODY = YES;
				CLANG_WARN_ENUM_CONVERSION = YES;
				CLANG_WARN_INT_CONVERSION = YES;
				CLANG_WARN_OBJC_ROOT_CLASS = YES_ERROR;
				CLANG_WARN_UNREACHABLE_CODE = YES;
				CLANG_WARN__DUPLICATE_METHOD_MATCH = YES;
				COPY_PHASE_STRIP = NO;
				DEBUG_INFORMATION_FORMAT = dwarf;
				ENABLE_STRICT_OBJC_MSGSEND = YES;
				ENABLE_TESTABILITY = YES;
				GCC_C_LANGUAGE_STANDARD = gnu99;
				GCC_DYNAMIC_NO_PIC = NO;
				GCC_NO_COMMON_BLOCKS = YES;
				GCC_OPTIMIZATION_LEVEL = 0;
				GCC_PREPROCESSOR_DEFINITIONS = (
					"DEBUG=1",
					"$(inherited)",
				);
				GCC_WARN_64_TO_32_BIT_CONVERSION = YES;
				GCC_WARN_ABOUT_RETURN_TYPE = YES_ERROR;
				GCC_WARN_UNDECLARED_SELECTOR = YES;
				GCC_WARN_UNINITIALIZED_AUTOS = YES_AGGRESSIVE;
				GCC_WARN_UNUSED_FUNCTION = YES;
				GCC_WARN_UNUSED_VARIABLE = YES;
				MACOSX_DEPLOYMENT_TARGET = 10.10;
				MTL_ENABLE_DEBUG_INFO = YES;
				ONLY_ACTIVE_ARCH = YES;
				SDKROOT = macosx;
			};
			name = Debug;
		};
		B34B73931BBD73430059443A /* Release */ = {
			isa = XCBuildConfiguration;
			buildSettings = {
				ALWAYS_SEARCH_USER_PATHS = NO;
				CLANG_CXX_LANGUAGE_STANDARD = "gnu++0x";
				CLANG_CXX_LIBRARY = "libc++";
				CLANG_ENABLE_MODULES = YES;
				CLANG_ENABLE_OBJC_ARC = YES;
				CLANG_WARN_BOOL_CONVERSION = YES;
				CLANG_WARN_CONSTANT_CONVERSION = YES;
				CLANG_WARN_DIRECT_OBJC_ISA_USAGE = YES_ERROR;
				CLANG_WARN_EMPTY_BODY = YES;
				CLANG_WARN_ENUM_CONVERSION = YES;
				CLANG_WARN_INT_CONVERSION = YES;
				CLANG_WARN_OBJC_ROOT_CLASS = YES_ERROR;
				CLANG_WARN_UNREACHABLE_CODE = YES;
				CLANG_WARN__DUPLICATE_METHOD_MATCH = YES;
				COPY_PHASE_STRIP = NO;
				DEBUG_INFORMATION_FORMAT = "dwarf-with-dsym";
				ENABLE_NS_ASSERTIONS = NO;
				ENABLE_STRICT_OBJC_MSGSEND = YES;
				GCC_C_LANGUAGE_STANDARD = gnu99;
				GCC_NO_COMMON_BLOCKS = YES;
				GCC_WARN_64_TO_32_BIT_CONVERSION = YES;
				GCC_WARN_ABOUT_RETURN_TYPE = YES_ERROR;
				GCC_WARN_UNDECLARED_SELECTOR = YES;
				GCC_WARN_UNINITIALIZED_AUTOS = YES_AGGRESSIVE;
				GCC_WARN_UNUSED_FUNCTION = YES;
				GCC_WARN_UNUSED_VARIABLE = YES;
				MACOSX_DEPLOYMENT_TARGET = 10.10;
				MTL_ENABLE_DEBUG_INFO = NO;
				SDKROOT = macosx;
			};
			name = Release;
		};
		B34B73951BBD73430059443A /* Debug */ = {
			isa = XCBuildConfiguration;
			buildSettings = {
				PRODUCT_NAME = "$(TARGET_NAME)";
			};
			name = Debug;
		};
		B34B73961BBD73430059443A /* Release */ = {
			isa = XCBuildConfiguration;
			buildSettings = {
				PRODUCT_NAME = "$(TARGET_NAME)";
			};
			name = Release;
		};
/* End XCBuildConfiguration section */

/* Begin XCConfigurationList section */
		B34B73881BBD73430059443A /* Build configuration list for PBXProject "browser-cc" */ = {
			isa = XCConfigurationList;
			buildConfigurations = (
				B34B73921BBD73430059443A /* Debug */,
				B34B73931BBD73430059443A /* Release */,
			);
			defaultConfigurationIsVisible = 0;
			defaultConfigurationName = Release;
		};
		B34B73941BBD73430059443A /* Build configuration list for PBXNativeTarget "browser-cc" */ = {
			isa = XCConfigurationList;
			buildConfigurations = (
				B34B73951BBD73430059443A /* Debug */,
				B34B73961BBD73430059443A /* Release */,
			);
			defaultConfigurationIsVisible = 0;
			defaultConfigurationName = Release;
		};
/* End XCConfigurationList section */
	};
	rootObject = B34B73851BBD73430059443A /* Project object */;
}
