// !$*UTF8*$!
{
	archiveVersion = 1;
	classes = {
	};
	objectVersion = 46;
	objects = {

/* Begin PBXBuildFile section */
		B36CB3AD1C09B70400B558B6 /* Alert.cpp in Sources */ = {isa = PBXBuildFile; fileRef = B36CB33E1C09B70400B558B6 /* Alert.cpp */; };
		B36CB3AE1C09B70400B558B6 /* ApplicationData.cpp in Sources */ = {isa = PBXBuildFile; fileRef = B36CB3401C09B70400B558B6 /* ApplicationData.cpp */; };
		B36CB3AF1C09B70400B558B6 /* ASN1.cpp in Sources */ = {isa = PBXBuildFile; fileRef = B36CB3421C09B70400B558B6 /* ASN1.cpp */; };
		B36CB3B01C09B70400B558B6 /* Asn1AlgorithmIdentifier.cpp in Sources */ = {isa = PBXBuildFile; fileRef = B36CB3441C09B70400B558B6 /* Asn1AlgorithmIdentifier.cpp */; };
		B36CB3B11C09B70400B558B6 /* Asn1Cert.cpp in Sources */ = {isa = PBXBuildFile; fileRef = B36CB3461C09B70400B558B6 /* Asn1Cert.cpp */; };
		B36CB3B21C09B70400B558B6 /* Asn1CertificateSerialNumber.cpp in Sources */ = {isa = PBXBuildFile; fileRef = B36CB3481C09B70400B558B6 /* Asn1CertificateSerialNumber.cpp */; };
		B36CB3B31C09B70400B558B6 /* Asn1Map.cpp in Sources */ = {isa = PBXBuildFile; fileRef = B36CB34A1C09B70400B558B6 /* Asn1Map.cpp */; };
		B36CB3B41C09B70400B558B6 /* Asn1Name.cpp in Sources */ = {isa = PBXBuildFile; fileRef = B36CB34C1C09B70400B558B6 /* Asn1Name.cpp */; };
		B36CB3B51C09B70400B558B6 /* Asn1RelativeDistinguishedName.cpp in Sources */ = {isa = PBXBuildFile; fileRef = B36CB34E1C09B70400B558B6 /* Asn1RelativeDistinguishedName.cpp */; };
		B36CB3B61C09B70400B558B6 /* Asn1SubjectPublicKeyInfo.cpp in Sources */ = {isa = PBXBuildFile; fileRef = B36CB3501C09B70400B558B6 /* Asn1SubjectPublicKeyInfo.cpp */; };
		B36CB3B71C09B70400B558B6 /* Asn1TBSCertificate.cpp in Sources */ = {isa = PBXBuildFile; fileRef = B36CB3521C09B70400B558B6 /* Asn1TBSCertificate.cpp */; };
		B36CB3B81C09B70400B558B6 /* Asn1Time.cpp in Sources */ = {isa = PBXBuildFile; fileRef = B36CB3541C09B70400B558B6 /* Asn1Time.cpp */; };
		B36CB3B91C09B70400B558B6 /* Asn1Validity.cpp in Sources */ = {isa = PBXBuildFile; fileRef = B36CB3561C09B70400B558B6 /* Asn1Validity.cpp */; };
		B36CB3BA1C09B70400B558B6 /* BigNum.cpp in Sources */ = {isa = PBXBuildFile; fileRef = B36CB3581C09B70400B558B6 /* BigNum.cpp */; };
		B36CB3BB1C09B70400B558B6 /* BitUtil.cpp in Sources */ = {isa = PBXBuildFile; fileRef = B36CB35A1C09B70400B558B6 /* BitUtil.cpp */; };
		B36CB3BC1C09B70400B558B6 /* Browser.cpp in Sources */ = {isa = PBXBuildFile; fileRef = B36CB35C1C09B70400B558B6 /* Browser.cpp */; };
		B36CB3BD1C09B70400B558B6 /* Certificate.cpp in Sources */ = {isa = PBXBuildFile; fileRef = B36CB35E1C09B70400B558B6 /* Certificate.cpp */; };
		B36CB3BE1C09B70400B558B6 /* CertificateRequest.cpp in Sources */ = {isa = PBXBuildFile; fileRef = B36CB3601C09B70400B558B6 /* CertificateRequest.cpp */; };
		B36CB3BF1C09B70400B558B6 /* ChangeCipherSpec.cpp in Sources */ = {isa = PBXBuildFile; fileRef = B36CB3621C09B70400B558B6 /* ChangeCipherSpec.cpp */; };
		B36CB3C01C09B70400B558B6 /* Cipher.cpp in Sources */ = {isa = PBXBuildFile; fileRef = B36CB3661C09B70400B558B6 /* Cipher.cpp */; };
		B36CB3C11C09B70400B558B6 /* CipherCore.cpp in Sources */ = {isa = PBXBuildFile; fileRef = B36CB3681C09B70400B558B6 /* CipherCore.cpp */; };
		B36CB3C21C09B70400B558B6 /* CipherSuite.cpp in Sources */ = {isa = PBXBuildFile; fileRef = B36CB36A1C09B70400B558B6 /* CipherSuite.cpp */; };
		B36CB3C31C09B70400B558B6 /* ClientDiffieHellmanPublic.cpp in Sources */ = {isa = PBXBuildFile; fileRef = B36CB36C1C09B70400B558B6 /* ClientDiffieHellmanPublic.cpp */; };
		B36CB3C41C09B70400B558B6 /* ClientHello.cpp in Sources */ = {isa = PBXBuildFile; fileRef = B36CB36E1C09B70400B558B6 /* ClientHello.cpp */; };
		B36CB3C51C09B70400B558B6 /* ClientKeyExchange.cpp in Sources */ = {isa = PBXBuildFile; fileRef = B36CB3701C09B70400B558B6 /* ClientKeyExchange.cpp */; };
		B36CB3C61C09B70400B558B6 /* CompressionMethod.cpp in Sources */ = {isa = PBXBuildFile; fileRef = B36CB3721C09B70400B558B6 /* CompressionMethod.cpp */; };
		B36CB3C71C09B70400B558B6 /* Connection.cpp in Sources */ = {isa = PBXBuildFile; fileRef = B36CB3741C09B70400B558B6 /* Connection.cpp */; };
		B36CB3C81C09B70400B558B6 /* DigitallySigned.cpp in Sources */ = {isa = PBXBuildFile; fileRef = B36CB3761C09B70400B558B6 /* DigitallySigned.cpp */; };
		B36CB3C91C09B70400B558B6 /* EncryptedPreMasterSecret.cpp in Sources */ = {isa = PBXBuildFile; fileRef = B36CB3781C09B70400B558B6 /* EncryptedPreMasterSecret.cpp */; };
		B36CB3CA1C09B70400B558B6 /* Err.cpp in Sources */ = {isa = PBXBuildFile; fileRef = B36CB37A1C09B70400B558B6 /* Err.cpp */; };
		B36CB3CB1C09B70400B558B6 /* Exportable.cpp in Sources */ = {isa = PBXBuildFile; fileRef = B36CB37C1C09B70400B558B6 /* Exportable.cpp */; };
		B36CB3CC1C09B70400B558B6 /* Extension.cpp in Sources */ = {isa = PBXBuildFile; fileRef = B36CB37E1C09B70400B558B6 /* Extension.cpp */; };
		B36CB3CD1C09B70400B558B6 /* Finished.cpp in Sources */ = {isa = PBXBuildFile; fileRef = B36CB3801C09B70400B558B6 /* Finished.cpp */; };
		B36CB3CE1C09B70400B558B6 /* Handshake.cpp in Sources */ = {isa = PBXBuildFile; fileRef = B36CB3841C09B70400B558B6 /* Handshake.cpp */; };
		B36CB3CF1C09B70400B558B6 /* Log.cpp in Sources */ = {isa = PBXBuildFile; fileRef = B36CB3871C09B70400B558B6 /* Log.cpp */; };
		B36CB3D01C09B70400B558B6 /* MAC.cpp in Sources */ = {isa = PBXBuildFile; fileRef = B36CB3891C09B70400B558B6 /* MAC.cpp */; };
		B36CB3D11C09B70400B558B6 /* main.cpp in Sources */ = {isa = PBXBuildFile; fileRef = B36CB38B1C09B70400B558B6 /* main.cpp */; };
		B36CB3D21C09B70400B558B6 /* Makefile in Sources */ = {isa = PBXBuildFile; fileRef = B36CB38C1C09B70400B558B6 /* Makefile */; };
		B36CB3D31C09B70400B558B6 /* PreMasterSecret.cpp in Sources */ = {isa = PBXBuildFile; fileRef = B36CB38D1C09B70400B558B6 /* PreMasterSecret.cpp */; };
		B36CB3D41C09B70400B558B6 /* ProtocolVersion.cpp in Sources */ = {isa = PBXBuildFile; fileRef = B36CB38F1C09B70400B558B6 /* ProtocolVersion.cpp */; };
		B36CB3D51C09B70400B558B6 /* Random.cpp in Sources */ = {isa = PBXBuildFile; fileRef = B36CB3911C09B70400B558B6 /* Random.cpp */; };
		B36CB3D61C09B70400B558B6 /* README.md in Sources */ = {isa = PBXBuildFile; fileRef = B36CB3931C09B70400B558B6 /* README.md */; };
		B36CB3D71C09B70400B558B6 /* Record.cpp in Sources */ = {isa = PBXBuildFile; fileRef = B36CB3941C09B70400B558B6 /* Record.cpp */; };
		B36CB3D81C09B70400B558B6 /* RSAPublicKey.cpp in Sources */ = {isa = PBXBuildFile; fileRef = B36CB3961C09B70400B558B6 /* RSAPublicKey.cpp */; };
		B36CB3D91C09B70400B558B6 /* ServerDHParams.cpp in Sources */ = {isa = PBXBuildFile; fileRef = B36CB3981C09B70400B558B6 /* ServerDHParams.cpp */; };
		B36CB3DA1C09B70400B558B6 /* ServerHello.cpp in Sources */ = {isa = PBXBuildFile; fileRef = B36CB39A1C09B70400B558B6 /* ServerHello.cpp */; };
		B36CB3DB1C09B70400B558B6 /* ServerHelloDone.cpp in Sources */ = {isa = PBXBuildFile; fileRef = B36CB39C1C09B70400B558B6 /* ServerHelloDone.cpp */; };
		B36CB3DC1C09B70400B558B6 /* ServerKeyExchange.cpp in Sources */ = {isa = PBXBuildFile; fileRef = B36CB39E1C09B70400B558B6 /* ServerKeyExchange.cpp */; };
		B36CB3DD1C09B70400B558B6 /* SessionID.cpp in Sources */ = {isa = PBXBuildFile; fileRef = B36CB3A01C09B70400B558B6 /* SessionID.cpp */; };
		B36CB3DE1C09B70400B558B6 /* SslWrapper.cpp in Sources */ = {isa = PBXBuildFile; fileRef = B36CB3A21C09B70400B558B6 /* SslWrapper.cpp */; };
		B36CB3DF1C09B70400B558B6 /* StrUtil.cpp in Sources */ = {isa = PBXBuildFile; fileRef = B36CB3A41C09B70400B558B6 /* StrUtil.cpp */; };
		B36CB3E01C09B70400B558B6 /* SubConnection.cpp in Sources */ = {isa = PBXBuildFile; fileRef = B36CB3A61C09B70400B558B6 /* SubConnection.cpp */; };
		B36CB3E11C09B70400B558B6 /* Url.cpp in Sources */ = {isa = PBXBuildFile; fileRef = B36CB3A91C09B70400B558B6 /* Url.cpp */; };
		B36CB3E21C09B70400B558B6 /* Util.cpp in Sources */ = {isa = PBXBuildFile; fileRef = B36CB3AB1C09B70400B558B6 /* Util.cpp */; };
/* End PBXBuildFile section */

/* Begin PBXCopyFilesBuildPhase section */
		B34B738B1BBD73430059443A /* CopyFiles */ = {
			isa = PBXCopyFilesBuildPhase;
			buildActionMask = 2147483647;
			dstPath = /usr/share/man/man1/;
			dstSubfolderSpec = 0;
			files = (
			);
			runOnlyForDeploymentPostprocessing = 1;
		};
/* End PBXCopyFilesBuildPhase section */

/* Begin PBXFileReference section */
		B34B738D1BBD73430059443A /* browser-cc */ = {isa = PBXFileReference; explicitFileType = "compiled.mach-o.executable"; includeInIndex = 0; path = "browser-cc"; sourceTree = BUILT_PRODUCTS_DIR; };
		B36CB33E1C09B70400B558B6 /* Alert.cpp */ = {isa = PBXFileReference; fileEncoding = 4; lastKnownFileType = sourcecode.cpp.cpp; path = Alert.cpp; sourceTree = SOURCE_ROOT; };
		B36CB33F1C09B70400B558B6 /* Alert.hpp */ = {isa = PBXFileReference; fileEncoding = 4; lastKnownFileType = sourcecode.cpp.h; path = Alert.hpp; sourceTree = SOURCE_ROOT; };
		B36CB3401C09B70400B558B6 /* ApplicationData.cpp */ = {isa = PBXFileReference; fileEncoding = 4; lastKnownFileType = sourcecode.cpp.cpp; path = ApplicationData.cpp; sourceTree = SOURCE_ROOT; };
		B36CB3411C09B70400B558B6 /* ApplicationData.h */ = {isa = PBXFileReference; fileEncoding = 4; lastKnownFileType = sourcecode.c.h; path = ApplicationData.h; sourceTree = SOURCE_ROOT; };
		B36CB3421C09B70400B558B6 /* ASN1.cpp */ = {isa = PBXFileReference; fileEncoding = 4; lastKnownFileType = sourcecode.cpp.cpp; path = ASN1.cpp; sourceTree = SOURCE_ROOT; };
		B36CB3431C09B70400B558B6 /* ASN1.hpp */ = {isa = PBXFileReference; fileEncoding = 4; lastKnownFileType = sourcecode.cpp.h; path = ASN1.hpp; sourceTree = SOURCE_ROOT; };
		B36CB3441C09B70400B558B6 /* Asn1AlgorithmIdentifier.cpp */ = {isa = PBXFileReference; fileEncoding = 4; lastKnownFileType = sourcecode.cpp.cpp; path = Asn1AlgorithmIdentifier.cpp; sourceTree = SOURCE_ROOT; };
		B36CB3451C09B70400B558B6 /* Asn1AlgorithmIdentifier.h */ = {isa = PBXFileReference; fileEncoding = 4; lastKnownFileType = sourcecode.c.h; path = Asn1AlgorithmIdentifier.h; sourceTree = SOURCE_ROOT; };
		B36CB3461C09B70400B558B6 /* Asn1Cert.cpp */ = {isa = PBXFileReference; fileEncoding = 4; lastKnownFileType = sourcecode.cpp.cpp; path = Asn1Cert.cpp; sourceTree = SOURCE_ROOT; };
		B36CB3471C09B70400B558B6 /* Asn1Cert.hpp */ = {isa = PBXFileReference; fileEncoding = 4; lastKnownFileType = sourcecode.cpp.h; path = Asn1Cert.hpp; sourceTree = SOURCE_ROOT; };
		B36CB3481C09B70400B558B6 /* Asn1CertificateSerialNumber.cpp */ = {isa = PBXFileReference; fileEncoding = 4; lastKnownFileType = sourcecode.cpp.cpp; path = Asn1CertificateSerialNumber.cpp; sourceTree = SOURCE_ROOT; };
		B36CB3491C09B70400B558B6 /* Asn1CertificateSerialNumber.h */ = {isa = PBXFileReference; fileEncoding = 4; lastKnownFileType = sourcecode.c.h; path = Asn1CertificateSerialNumber.h; sourceTree = SOURCE_ROOT; };
		B36CB34A1C09B70400B558B6 /* Asn1Map.cpp */ = {isa = PBXFileReference; fileEncoding = 4; lastKnownFileType = sourcecode.cpp.cpp; path = Asn1Map.cpp; sourceTree = SOURCE_ROOT; };
		B36CB34B1C09B70400B558B6 /* Asn1Map.h */ = {isa = PBXFileReference; fileEncoding = 4; lastKnownFileType = sourcecode.c.h; path = Asn1Map.h; sourceTree = SOURCE_ROOT; };
		B36CB34C1C09B70400B558B6 /* Asn1Name.cpp */ = {isa = PBXFileReference; fileEncoding = 4; lastKnownFileType = sourcecode.cpp.cpp; path = Asn1Name.cpp; sourceTree = SOURCE_ROOT; };
		B36CB34D1C09B70400B558B6 /* Asn1Name.h */ = {isa = PBXFileReference; fileEncoding = 4; lastKnownFileType = sourcecode.c.h; path = Asn1Name.h; sourceTree = SOURCE_ROOT; };
		B36CB34E1C09B70400B558B6 /* Asn1RelativeDistinguishedName.cpp */ = {isa = PBXFileReference; fileEncoding = 4; lastKnownFileType = sourcecode.cpp.cpp; path = Asn1RelativeDistinguishedName.cpp; sourceTree = SOURCE_ROOT; };
		B36CB34F1C09B70400B558B6 /* Asn1RelativeDistinguishedName.h */ = {isa = PBXFileReference; fileEncoding = 4; lastKnownFileType = sourcecode.c.h; path = Asn1RelativeDistinguishedName.h; sourceTree = SOURCE_ROOT; };
		B36CB3501C09B70400B558B6 /* Asn1SubjectPublicKeyInfo.cpp */ = {isa = PBXFileReference; fileEncoding = 4; lastKnownFileType = sourcecode.cpp.cpp; path = Asn1SubjectPublicKeyInfo.cpp; sourceTree = SOURCE_ROOT; };
		B36CB3511C09B70400B558B6 /* Asn1SubjectPublicKeyInfo.h */ = {isa = PBXFileReference; fileEncoding = 4; lastKnownFileType = sourcecode.c.h; path = Asn1SubjectPublicKeyInfo.h; sourceTree = SOURCE_ROOT; };
		B36CB3521C09B70400B558B6 /* Asn1TBSCertificate.cpp */ = {isa = PBXFileReference; fileEncoding = 4; lastKnownFileType = sourcecode.cpp.cpp; path = Asn1TBSCertificate.cpp; sourceTree = SOURCE_ROOT; };
		B36CB3531C09B70400B558B6 /* Asn1TBSCertificate.h */ = {isa = PBXFileReference; fileEncoding = 4; lastKnownFileType = sourcecode.c.h; path = Asn1TBSCertificate.h; sourceTree = SOURCE_ROOT; };
		B36CB3541C09B70400B558B6 /* Asn1Time.cpp */ = {isa = PBXFileReference; fileEncoding = 4; lastKnownFileType = sourcecode.cpp.cpp; path = Asn1Time.cpp; sourceTree = SOURCE_ROOT; };
		B36CB3551C09B70400B558B6 /* Asn1Time.h */ = {isa = PBXFileReference; fileEncoding = 4; lastKnownFileType = sourcecode.c.h; path = Asn1Time.h; sourceTree = SOURCE_ROOT; };
		B36CB3561C09B70400B558B6 /* Asn1Validity.cpp */ = {isa = PBXFileReference; fileEncoding = 4; lastKnownFileType = sourcecode.cpp.cpp; path = Asn1Validity.cpp; sourceTree = SOURCE_ROOT; };
		B36CB3571C09B70400B558B6 /* Asn1Validity.h */ = {isa = PBXFileReference; fileEncoding = 4; lastKnownFileType = sourcecode.c.h; path = Asn1Validity.h; sourceTree = SOURCE_ROOT; };
		B36CB3581C09B70400B558B6 /* BigNum.cpp */ = {isa = PBXFileReference; fileEncoding = 4; lastKnownFileType = sourcecode.cpp.cpp; path = BigNum.cpp; sourceTree = SOURCE_ROOT; };
		B36CB3591C09B70400B558B6 /* BigNum.h */ = {isa = PBXFileReference; fileEncoding = 4; lastKnownFileType = sourcecode.c.h; path = BigNum.h; sourceTree = SOURCE_ROOT; };
		B36CB35A1C09B70400B558B6 /* BitUtil.cpp */ = {isa = PBXFileReference; fileEncoding = 4; lastKnownFileType = sourcecode.cpp.cpp; path = BitUtil.cpp; sourceTree = SOURCE_ROOT; };
		B36CB35B1C09B70400B558B6 /* BitUtil.hpp */ = {isa = PBXFileReference; fileEncoding = 4; lastKnownFileType = sourcecode.cpp.h; path = BitUtil.hpp; sourceTree = SOURCE_ROOT; };
		B36CB35C1C09B70400B558B6 /* Browser.cpp */ = {isa = PBXFileReference; fileEncoding = 4; lastKnownFileType = sourcecode.cpp.cpp; path = Browser.cpp; sourceTree = SOURCE_ROOT; };
		B36CB35D1C09B70400B558B6 /* Browser.hpp */ = {isa = PBXFileReference; fileEncoding = 4; lastKnownFileType = sourcecode.cpp.h; path = Browser.hpp; sourceTree = SOURCE_ROOT; };
		B36CB35E1C09B70400B558B6 /* Certificate.cpp */ = {isa = PBXFileReference; fileEncoding = 4; lastKnownFileType = sourcecode.cpp.cpp; path = Certificate.cpp; sourceTree = SOURCE_ROOT; };
		B36CB35F1C09B70400B558B6 /* Certificate.hpp */ = {isa = PBXFileReference; fileEncoding = 4; lastKnownFileType = sourcecode.cpp.h; path = Certificate.hpp; sourceTree = SOURCE_ROOT; };
		B36CB3601C09B70400B558B6 /* CertificateRequest.cpp */ = {isa = PBXFileReference; fileEncoding = 4; lastKnownFileType = sourcecode.cpp.cpp; path = CertificateRequest.cpp; sourceTree = SOURCE_ROOT; };
		B36CB3611C09B70400B558B6 /* CertificateRequest.hpp */ = {isa = PBXFileReference; fileEncoding = 4; lastKnownFileType = sourcecode.cpp.h; path = CertificateRequest.hpp; sourceTree = SOURCE_ROOT; };
		B36CB3621C09B70400B558B6 /* ChangeCipherSpec.cpp */ = {isa = PBXFileReference; fileEncoding = 4; lastKnownFileType = sourcecode.cpp.cpp; path = ChangeCipherSpec.cpp; sourceTree = SOURCE_ROOT; };
		B36CB3631C09B70400B558B6 /* ChangeCipherSpec.hpp */ = {isa = PBXFileReference; fileEncoding = 4; lastKnownFileType = sourcecode.cpp.h; path = ChangeCipherSpec.hpp; sourceTree = SOURCE_ROOT; };
		B36CB3641C09B70400B558B6 /* ChangeLog */ = {isa = PBXFileReference; fileEncoding = 4; lastKnownFileType = text; path = ChangeLog; sourceTree = SOURCE_ROOT; };
		B36CB3651C09B70400B558B6 /* cinclude2dot.pl */ = {isa = PBXFileReference; fileEncoding = 4; lastKnownFileType = text.script.perl; path = cinclude2dot.pl; sourceTree = SOURCE_ROOT; };
		B36CB3661C09B70400B558B6 /* Cipher.cpp */ = {isa = PBXFileReference; fileEncoding = 4; lastKnownFileType = sourcecode.cpp.cpp; path = Cipher.cpp; sourceTree = SOURCE_ROOT; };
		B36CB3671C09B70400B558B6 /* Cipher.hpp */ = {isa = PBXFileReference; fileEncoding = 4; lastKnownFileType = sourcecode.cpp.h; path = Cipher.hpp; sourceTree = SOURCE_ROOT; };
		B36CB3681C09B70400B558B6 /* CipherCore.cpp */ = {isa = PBXFileReference; fileEncoding = 4; lastKnownFileType = sourcecode.cpp.cpp; path = CipherCore.cpp; sourceTree = SOURCE_ROOT; };
		B36CB3691C09B70400B558B6 /* CipherCore.hpp */ = {isa = PBXFileReference; fileEncoding = 4; lastKnownFileType = sourcecode.cpp.h; path = CipherCore.hpp; sourceTree = SOURCE_ROOT; };
		B36CB36A1C09B70400B558B6 /* CipherSuite.cpp */ = {isa = PBXFileReference; fileEncoding = 4; lastKnownFileType = sourcecode.cpp.cpp; path = CipherSuite.cpp; sourceTree = SOURCE_ROOT; };
		B36CB36B1C09B70400B558B6 /* CipherSuite.hpp */ = {isa = PBXFileReference; fileEncoding = 4; lastKnownFileType = sourcecode.cpp.h; path = CipherSuite.hpp; sourceTree = SOURCE_ROOT; };
		B36CB36C1C09B70400B558B6 /* ClientDiffieHellmanPublic.cpp */ = {isa = PBXFileReference; fileEncoding = 4; lastKnownFileType = sourcecode.cpp.cpp; path = ClientDiffieHellmanPublic.cpp; sourceTree = SOURCE_ROOT; };
		B36CB36D1C09B70400B558B6 /* ClientDiffieHellmanPublic.hpp */ = {isa = PBXFileReference; fileEncoding = 4; lastKnownFileType = sourcecode.cpp.h; path = ClientDiffieHellmanPublic.hpp; sourceTree = SOURCE_ROOT; };
		B36CB36E1C09B70400B558B6 /* ClientHello.cpp */ = {isa = PBXFileReference; fileEncoding = 4; lastKnownFileType = sourcecode.cpp.cpp; path = ClientHello.cpp; sourceTree = SOURCE_ROOT; };
		B36CB36F1C09B70400B558B6 /* ClientHello.hpp */ = {isa = PBXFileReference; fileEncoding = 4; lastKnownFileType = sourcecode.cpp.h; path = ClientHello.hpp; sourceTree = SOURCE_ROOT; };
		B36CB3701C09B70400B558B6 /* ClientKeyExchange.cpp */ = {isa = PBXFileReference; fileEncoding = 4; lastKnownFileType = sourcecode.cpp.cpp; path = ClientKeyExchange.cpp; sourceTree = SOURCE_ROOT; };
		B36CB3711C09B70400B558B6 /* ClientKeyExchange.hpp */ = {isa = PBXFileReference; fileEncoding = 4; lastKnownFileType = sourcecode.cpp.h; path = ClientKeyExchange.hpp; sourceTree = SOURCE_ROOT; };
		B36CB3721C09B70400B558B6 /* CompressionMethod.cpp */ = {isa = PBXFileReference; fileEncoding = 4; lastKnownFileType = sourcecode.cpp.cpp; path = CompressionMethod.cpp; sourceTree = SOURCE_ROOT; };
		B36CB3731C09B70400B558B6 /* CompressionMethod.hpp */ = {isa = PBXFileReference; fileEncoding = 4; lastKnownFileType = sourcecode.cpp.h; path = CompressionMethod.hpp; sourceTree = SOURCE_ROOT; };
		B36CB3741C09B70400B558B6 /* Connection.cpp */ = {isa = PBXFileReference; fileEncoding = 4; lastKnownFileType = sourcecode.cpp.cpp; path = Connection.cpp; sourceTree = SOURCE_ROOT; };
		B36CB3751C09B70400B558B6 /* Connection.hpp */ = {isa = PBXFileReference; fileEncoding = 4; lastKnownFileType = sourcecode.cpp.h; path = Connection.hpp; sourceTree = SOURCE_ROOT; };
		B36CB3761C09B70400B558B6 /* DigitallySigned.cpp */ = {isa = PBXFileReference; fileEncoding = 4; lastKnownFileType = sourcecode.cpp.cpp; path = DigitallySigned.cpp; sourceTree = SOURCE_ROOT; };
		B36CB3771C09B70400B558B6 /* DigitallySigned.hpp */ = {isa = PBXFileReference; fileEncoding = 4; lastKnownFileType = sourcecode.cpp.h; path = DigitallySigned.hpp; sourceTree = SOURCE_ROOT; };
		B36CB3781C09B70400B558B6 /* EncryptedPreMasterSecret.cpp */ = {isa = PBXFileReference; fileEncoding = 4; lastKnownFileType = sourcecode.cpp.cpp; path = EncryptedPreMasterSecret.cpp; sourceTree = SOURCE_ROOT; };
		B36CB3791C09B70400B558B6 /* EncryptedPreMasterSecret.hpp */ = {isa = PBXFileReference; fileEncoding = 4; lastKnownFileType = sourcecode.cpp.h; path = EncryptedPreMasterSecret.hpp; sourceTree = SOURCE_ROOT; };
		B36CB37A1C09B70400B558B6 /* Err.cpp */ = {isa = PBXFileReference; fileEncoding = 4; lastKnownFileType = sourcecode.cpp.cpp; path = Err.cpp; sourceTree = SOURCE_ROOT; };
		B36CB37B1C09B70400B558B6 /* Err.hpp */ = {isa = PBXFileReference; fileEncoding = 4; lastKnownFileType = sourcecode.cpp.h; path = Err.hpp; sourceTree = SOURCE_ROOT; };
		B36CB37C1C09B70400B558B6 /* Exportable.cpp */ = {isa = PBXFileReference; fileEncoding = 4; lastKnownFileType = sourcecode.cpp.cpp; path = Exportable.cpp; sourceTree = SOURCE_ROOT; };
		B36CB37D1C09B70400B558B6 /* Exportable.hpp */ = {isa = PBXFileReference; fileEncoding = 4; lastKnownFileType = sourcecode.cpp.h; path = Exportable.hpp; sourceTree = SOURCE_ROOT; };
		B36CB37E1C09B70400B558B6 /* Extension.cpp */ = {isa = PBXFileReference; fileEncoding = 4; lastKnownFileType = sourcecode.cpp.cpp; path = Extension.cpp; sourceTree = SOURCE_ROOT; };
		B36CB37F1C09B70400B558B6 /* Extension.hpp */ = {isa = PBXFileReference; fileEncoding = 4; lastKnownFileType = sourcecode.cpp.h; path = Extension.hpp; sourceTree = SOURCE_ROOT; };
		B36CB3801C09B70400B558B6 /* Finished.cpp */ = {isa = PBXFileReference; fileEncoding = 4; lastKnownFileType = sourcecode.cpp.cpp; path = Finished.cpp; sourceTree = SOURCE_ROOT; };
		B36CB3811C09B70400B558B6 /* Finished.hpp */ = {isa = PBXFileReference; fileEncoding = 4; lastKnownFileType = sourcecode.cpp.h; path = Finished.hpp; sourceTree = SOURCE_ROOT; };
		B36CB3821C09B70400B558B6 /* graph.dot */ = {isa = PBXFileReference; fileEncoding = 4; lastKnownFileType = text; path = graph.dot; sourceTree = SOURCE_ROOT; };
		B36CB3831C09B70400B558B6 /* graph.ps */ = {isa = PBXFileReference; fileEncoding = 4; lastKnownFileType = text; path = graph.ps; sourceTree = SOURCE_ROOT; };
		B36CB3841C09B70400B558B6 /* Handshake.cpp */ = {isa = PBXFileReference; fileEncoding = 4; lastKnownFileType = sourcecode.cpp.cpp; path = Handshake.cpp; sourceTree = SOURCE_ROOT; };
		B36CB3851C09B70400B558B6 /* Handshake.hpp */ = {isa = PBXFileReference; fileEncoding = 4; lastKnownFileType = sourcecode.cpp.h; path = Handshake.hpp; sourceTree = SOURCE_ROOT; };
		B36CB3861C09B70400B558B6 /* LICENSE */ = {isa = PBXFileReference; fileEncoding = 4; lastKnownFileType = text; path = LICENSE; sourceTree = SOURCE_ROOT; };
		B36CB3871C09B70400B558B6 /* Log.cpp */ = {isa = PBXFileReference; fileEncoding = 4; lastKnownFileType = sourcecode.cpp.cpp; path = Log.cpp; sourceTree = SOURCE_ROOT; };
		B36CB3881C09B70400B558B6 /* Log.h */ = {isa = PBXFileReference; fileEncoding = 4; lastKnownFileType = sourcecode.c.h; path = Log.h; sourceTree = SOURCE_ROOT; };
		B36CB3891C09B70400B558B6 /* MAC.cpp */ = {isa = PBXFileReference; fileEncoding = 4; lastKnownFileType = sourcecode.cpp.cpp; path = MAC.cpp; sourceTree = SOURCE_ROOT; };
		B36CB38A1C09B70400B558B6 /* MAC.hpp */ = {isa = PBXFileReference; fileEncoding = 4; lastKnownFileType = sourcecode.cpp.h; path = MAC.hpp; sourceTree = SOURCE_ROOT; };
		B36CB38B1C09B70400B558B6 /* main.cpp */ = {isa = PBXFileReference; fileEncoding = 4; lastKnownFileType = sourcecode.cpp.cpp; path = main.cpp; sourceTree = SOURCE_ROOT; };
		B36CB38C1C09B70400B558B6 /* Makefile */ = {isa = PBXFileReference; fileEncoding = 4; lastKnownFileType = sourcecode.make; path = Makefile; sourceTree = SOURCE_ROOT; };
		B36CB38D1C09B70400B558B6 /* PreMasterSecret.cpp */ = {isa = PBXFileReference; fileEncoding = 4; lastKnownFileType = sourcecode.cpp.cpp; path = PreMasterSecret.cpp; sourceTree = SOURCE_ROOT; };
		B36CB38E1C09B70400B558B6 /* PreMasterSecret.hpp */ = {isa = PBXFileReference; fileEncoding = 4; lastKnownFileType = sourcecode.cpp.h; path = PreMasterSecret.hpp; sourceTree = SOURCE_ROOT; };
		B36CB38F1C09B70400B558B6 /* ProtocolVersion.cpp */ = {isa = PBXFileReference; fileEncoding = 4; lastKnownFileType = sourcecode.cpp.cpp; path = ProtocolVersion.cpp; sourceTree = SOURCE_ROOT; };
		B36CB3901C09B70400B558B6 /* ProtocolVersion.hpp */ = {isa = PBXFileReference; fileEncoding = 4; lastKnownFileType = sourcecode.cpp.h; path = ProtocolVersion.hpp; sourceTree = SOURCE_ROOT; };
		B36CB3911C09B70400B558B6 /* Random.cpp */ = {isa = PBXFileReference; fileEncoding = 4; lastKnownFileType = sourcecode.cpp.cpp; path = Random.cpp; sourceTree = SOURCE_ROOT; };
		B36CB3921C09B70400B558B6 /* Random.hpp */ = {isa = PBXFileReference; fileEncoding = 4; lastKnownFileType = sourcecode.cpp.h; path = Random.hpp; sourceTree = SOURCE_ROOT; };
		B36CB3931C09B70400B558B6 /* README.md */ = {isa = PBXFileReference; fileEncoding = 4; lastKnownFileType = net.daringfireball.markdown; path = README.md; sourceTree = SOURCE_ROOT; };
		B36CB3941C09B70400B558B6 /* Record.cpp */ = {isa = PBXFileReference; fileEncoding = 4; lastKnownFileType = sourcecode.cpp.cpp; path = Record.cpp; sourceTree = SOURCE_ROOT; };
		B36CB3951C09B70400B558B6 /* Record.hpp */ = {isa = PBXFileReference; fileEncoding = 4; lastKnownFileType = sourcecode.cpp.h; path = Record.hpp; sourceTree = SOURCE_ROOT; };
		B36CB3961C09B70400B558B6 /* RSAPublicKey.cpp */ = {isa = PBXFileReference; fileEncoding = 4; lastKnownFileType = sourcecode.cpp.cpp; path = RSAPublicKey.cpp; sourceTree = SOURCE_ROOT; };
		B36CB3971C09B70400B558B6 /* RSAPublicKey.h */ = {isa = PBXFileReference; fileEncoding = 4; lastKnownFileType = sourcecode.c.h; path = RSAPublicKey.h; sourceTree = SOURCE_ROOT; };
		B36CB3981C09B70400B558B6 /* ServerDHParams.cpp */ = {isa = PBXFileReference; fileEncoding = 4; lastKnownFileType = sourcecode.cpp.cpp; path = ServerDHParams.cpp; sourceTree = SOURCE_ROOT; };
		B36CB3991C09B70400B558B6 /* ServerDHParams.hpp */ = {isa = PBXFileReference; fileEncoding = 4; lastKnownFileType = sourcecode.cpp.h; path = ServerDHParams.hpp; sourceTree = SOURCE_ROOT; };
		B36CB39A1C09B70400B558B6 /* ServerHello.cpp */ = {isa = PBXFileReference; fileEncoding = 4; lastKnownFileType = sourcecode.cpp.cpp; path = ServerHello.cpp; sourceTree = SOURCE_ROOT; };
		B36CB39B1C09B70400B558B6 /* ServerHello.hpp */ = {isa = PBXFileReference; fileEncoding = 4; lastKnownFileType = sourcecode.cpp.h; path = ServerHello.hpp; sourceTree = SOURCE_ROOT; };
		B36CB39C1C09B70400B558B6 /* ServerHelloDone.cpp */ = {isa = PBXFileReference; fileEncoding = 4; lastKnownFileType = sourcecode.cpp.cpp; path = ServerHelloDone.cpp; sourceTree = SOURCE_ROOT; };
		B36CB39D1C09B70400B558B6 /* ServerHelloDone.hpp */ = {isa = PBXFileReference; fileEncoding = 4; lastKnownFileType = sourcecode.cpp.h; path = ServerHelloDone.hpp; sourceTree = SOURCE_ROOT; };
		B36CB39E1C09B70400B558B6 /* ServerKeyExchange.cpp */ = {isa = PBXFileReference; fileEncoding = 4; lastKnownFileType = sourcecode.cpp.cpp; path = ServerKeyExchange.cpp; sourceTree = SOURCE_ROOT; };
		B36CB39F1C09B70400B558B6 /* ServerKeyExchange.hpp */ = {isa = PBXFileReference; fileEncoding = 4; lastKnownFileType = sourcecode.cpp.h; path = ServerKeyExchange.hpp; sourceTree = SOURCE_ROOT; };
		B36CB3A01C09B70400B558B6 /* SessionID.cpp */ = {isa = PBXFileReference; fileEncoding = 4; lastKnownFileType = sourcecode.cpp.cpp; path = SessionID.cpp; sourceTree = SOURCE_ROOT; };
		B36CB3A11C09B70400B558B6 /* SessionID.hpp */ = {isa = PBXFileReference; fileEncoding = 4; lastKnownFileType = sourcecode.cpp.h; path = SessionID.hpp; sourceTree = SOURCE_ROOT; };
		B36CB3A21C09B70400B558B6 /* SslWrapper.cpp */ = {isa = PBXFileReference; fileEncoding = 4; lastKnownFileType = sourcecode.cpp.cpp; path = SslWrapper.cpp; sourceTree = SOURCE_ROOT; };
		B36CB3A31C09B70400B558B6 /* SslWrapper.hpp */ = {isa = PBXFileReference; fileEncoding = 4; lastKnownFileType = sourcecode.cpp.h; path = SslWrapper.hpp; sourceTree = SOURCE_ROOT; };
		B36CB3A41C09B70400B558B6 /* StrUtil.cpp */ = {isa = PBXFileReference; fileEncoding = 4; lastKnownFileType = sourcecode.cpp.cpp; path = StrUtil.cpp; sourceTree = SOURCE_ROOT; };
		B36CB3A51C09B70400B558B6 /* StrUtil.hpp */ = {isa = PBXFileReference; fileEncoding = 4; lastKnownFileType = sourcecode.cpp.h; path = StrUtil.hpp; sourceTree = SOURCE_ROOT; };
		B36CB3A61C09B70400B558B6 /* SubConnection.cpp */ = {isa = PBXFileReference; fileEncoding = 4; lastKnownFileType = sourcecode.cpp.cpp; path = SubConnection.cpp; sourceTree = SOURCE_ROOT; };
		B36CB3A71C09B70400B558B6 /* SubConnection.hpp */ = {isa = PBXFileReference; fileEncoding = 4; lastKnownFileType = sourcecode.cpp.h; path = SubConnection.hpp; sourceTree = SOURCE_ROOT; };
		B36CB3A81C09B70400B558B6 /* tags */ = {isa = PBXFileReference; fileEncoding = 4; lastKnownFileType = text; path = tags; sourceTree = SOURCE_ROOT; };
		B36CB3A91C09B70400B558B6 /* Url.cpp */ = {isa = PBXFileReference; fileEncoding = 4; lastKnownFileType = sourcecode.cpp.cpp; path = Url.cpp; sourceTree = SOURCE_ROOT; };
		B36CB3AA1C09B70400B558B6 /* Url.hpp */ = {isa = PBXFileReference; fileEncoding = 4; lastKnownFileType = sourcecode.cpp.h; path = Url.hpp; sourceTree = SOURCE_ROOT; };
		B36CB3AB1C09B70400B558B6 /* Util.cpp */ = {isa = PBXFileReference; fileEncoding = 4; lastKnownFileType = sourcecode.cpp.cpp; path = Util.cpp; sourceTree = SOURCE_ROOT; };
		B36CB3AC1C09B70400B558B6 /* Util.hpp */ = {isa = PBXFileReference; fileEncoding = 4; lastKnownFileType = sourcecode.cpp.h; path = Util.hpp; sourceTree = SOURCE_ROOT; };
/* End PBXFileReference section */

/* Begin PBXFrameworksBuildPhase section */
		B34B738A1BBD73430059443A /* Frameworks */ = {
			isa = PBXFrameworksBuildPhase;
			buildActionMask = 2147483647;
			files = (
			);
			runOnlyForDeploymentPostprocessing = 0;
		};
/* End PBXFrameworksBuildPhase section */

/* Begin PBXGroup section */
		B34B73841BBD73430059443A = {
			isa = PBXGroup;
			children = (
				B34B738F1BBD73430059443A /* browser-cc */,
				B34B738E1BBD73430059443A /* Products */,
			);
			sourceTree = "<group>";
		};
		B34B738E1BBD73430059443A /* Products */ = {
			isa = PBXGroup;
			children = (
				B34B738D1BBD73430059443A /* browser-cc */,
			);
			name = Products;
			sourceTree = "<group>";
		};
		B34B738F1BBD73430059443A /* browser-cc */ = {
			isa = PBXGroup;
			children = (
				B36CB33E1C09B70400B558B6 /* Alert.cpp */,
				B36CB33F1C09B70400B558B6 /* Alert.hpp */,
				B36CB3401C09B70400B558B6 /* ApplicationData.cpp */,
				B36CB3411C09B70400B558B6 /* ApplicationData.h */,
				B36CB3421C09B70400B558B6 /* ASN1.cpp */,
				B36CB3431C09B70400B558B6 /* ASN1.hpp */,
				B36CB3441C09B70400B558B6 /* Asn1AlgorithmIdentifier.cpp */,
				B36CB3451C09B70400B558B6 /* Asn1AlgorithmIdentifier.h */,
				B36CB3461C09B70400B558B6 /* Asn1Cert.cpp */,
				B36CB3471C09B70400B558B6 /* Asn1Cert.hpp */,
				B36CB3481C09B70400B558B6 /* Asn1CertificateSerialNumber.cpp */,
				B36CB3491C09B70400B558B6 /* Asn1CertificateSerialNumber.h */,
				B36CB34A1C09B70400B558B6 /* Asn1Map.cpp */,
				B36CB34B1C09B70400B558B6 /* Asn1Map.h */,
				B36CB34C1C09B70400B558B6 /* Asn1Name.cpp */,
				B36CB34D1C09B70400B558B6 /* Asn1Name.h */,
				B36CB34E1C09B70400B558B6 /* Asn1RelativeDistinguishedName.cpp */,
				B36CB34F1C09B70400B558B6 /* Asn1RelativeDistinguishedName.h */,
				B36CB3501C09B70400B558B6 /* Asn1SubjectPublicKeyInfo.cpp */,
				B36CB3511C09B70400B558B6 /* Asn1SubjectPublicKeyInfo.h */,
				B36CB3521C09B70400B558B6 /* Asn1TBSCertificate.cpp */,
				B36CB3531C09B70400B558B6 /* Asn1TBSCertificate.h */,
				B36CB3541C09B70400B558B6 /* Asn1Time.cpp */,
				B36CB3551C09B70400B558B6 /* Asn1Time.h */,
				B36CB3561C09B70400B558B6 /* Asn1Validity.cpp */,
				B36CB3571C09B70400B558B6 /* Asn1Validity.h */,
				B36CB3581C09B70400B558B6 /* BigNum.cpp */,
				B36CB3591C09B70400B558B6 /* BigNum.h */,
				B36CB35A1C09B70400B558B6 /* BitUtil.cpp */,
				B36CB35B1C09B70400B558B6 /* BitUtil.hpp */,
				B36CB35C1C09B70400B558B6 /* Browser.cpp */,
				B36CB35D1C09B70400B558B6 /* Browser.hpp */,
				B36CB35E1C09B70400B558B6 /* Certificate.cpp */,
				B36CB35F1C09B70400B558B6 /* Certificate.hpp */,
				B36CB3601C09B70400B558B6 /* CertificateRequest.cpp */,
				B36CB3611C09B70400B558B6 /* CertificateRequest.hpp */,
				B36CB3621C09B70400B558B6 /* ChangeCipherSpec.cpp */,
				B36CB3631C09B70400B558B6 /* ChangeCipherSpec.hpp */,
				B36CB3641C09B70400B558B6 /* ChangeLog */,
				B36CB3651C09B70400B558B6 /* cinclude2dot.pl */,
				B36CB3661C09B70400B558B6 /* Cipher.cpp */,
				B36CB3671C09B70400B558B6 /* Cipher.hpp */,
				B36CB3681C09B70400B558B6 /* CipherCore.cpp */,
				B36CB3691C09B70400B558B6 /* CipherCore.hpp */,
				B36CB36A1C09B70400B558B6 /* CipherSuite.cpp */,
				B36CB36B1C09B70400B558B6 /* CipherSuite.hpp */,
				B36CB36C1C09B70400B558B6 /* ClientDiffieHellmanPublic.cpp */,
				B36CB36D1C09B70400B558B6 /* ClientDiffieHellmanPublic.hpp */,
				B36CB36E1C09B70400B558B6 /* ClientHello.cpp */,
				B36CB36F1C09B70400B558B6 /* ClientHello.hpp */,
				B36CB3701C09B70400B558B6 /* ClientKeyExchange.cpp */,
				B36CB3711C09B70400B558B6 /* ClientKeyExchange.hpp */,
				B36CB3721C09B70400B558B6 /* CompressionMethod.cpp */,
				B36CB3731C09B70400B558B6 /* CompressionMethod.hpp */,
				B36CB3741C09B70400B558B6 /* Connection.cpp */,
				B36CB3751C09B70400B558B6 /* Connection.hpp */,
				B36CB3761C09B70400B558B6 /* DigitallySigned.cpp */,
				B36CB3771C09B70400B558B6 /* DigitallySigned.hpp */,
				B36CB3781C09B70400B558B6 /* EncryptedPreMasterSecret.cpp */,
				B36CB3791C09B70400B558B6 /* EncryptedPreMasterSecret.hpp */,
				B36CB37A1C09B70400B558B6 /* Err.cpp */,
				B36CB37B1C09B70400B558B6 /* Err.hpp */,
				B36CB37C1C09B70400B558B6 /* Exportable.cpp */,
				B36CB37D1C09B70400B558B6 /* Exportable.hpp */,
				B36CB37E1C09B70400B558B6 /* Extension.cpp */,
				B36CB37F1C09B70400B558B6 /* Extension.hpp */,
				B36CB3801C09B70400B558B6 /* Finished.cpp */,
				B36CB3811C09B70400B558B6 /* Finished.hpp */,
				B36CB3821C09B70400B558B6 /* graph.dot */,
				B36CB3831C09B70400B558B6 /* graph.ps */,
				B36CB3841C09B70400B558B6 /* Handshake.cpp */,
				B36CB3851C09B70400B558B6 /* Handshake.hpp */,
				B36CB3861C09B70400B558B6 /* LICENSE */,
				B36CB3871C09B70400B558B6 /* Log.cpp */,
				B36CB3881C09B70400B558B6 /* Log.h */,
				B36CB3891C09B70400B558B6 /* MAC.cpp */,
				B36CB38A1C09B70400B558B6 /* MAC.hpp */,
				B36CB38B1C09B70400B558B6 /* main.cpp */,
				B36CB38C1C09B70400B558B6 /* Makefile */,
				B36CB38D1C09B70400B558B6 /* PreMasterSecret.cpp */,
				B36CB38E1C09B70400B558B6 /* PreMasterSecret.hpp */,
				B36CB38F1C09B70400B558B6 /* ProtocolVersion.cpp */,
				B36CB3901C09B70400B558B6 /* ProtocolVersion.hpp */,
				B36CB3911C09B70400B558B6 /* Random.cpp */,
				B36CB3921C09B70400B558B6 /* Random.hpp */,
				B36CB3931C09B70400B558B6 /* README.md */,
				B36CB3941C09B70400B558B6 /* Record.cpp */,
				B36CB3951C09B70400B558B6 /* Record.hpp */,
				B36CB3961C09B70400B558B6 /* RSAPublicKey.cpp */,
				B36CB3971C09B70400B558B6 /* RSAPublicKey.h */,
				B36CB3981C09B70400B558B6 /* ServerDHParams.cpp */,
				B36CB3991C09B70400B558B6 /* ServerDHParams.hpp */,
				B36CB39A1C09B70400B558B6 /* ServerHello.cpp */,
				B36CB39B1C09B70400B558B6 /* ServerHello.hpp */,
				B36CB39C1C09B70400B558B6 /* ServerHelloDone.cpp */,
				B36CB39D1C09B70400B558B6 /* ServerHelloDone.hpp */,
				B36CB39E1C09B70400B558B6 /* ServerKeyExchange.cpp */,
				B36CB39F1C09B70400B558B6 /* ServerKeyExchange.hpp */,
				B36CB3A01C09B70400B558B6 /* SessionID.cpp */,
				B36CB3A11C09B70400B558B6 /* SessionID.hpp */,
				B36CB3A21C09B70400B558B6 /* SslWrapper.cpp */,
				B36CB3A31C09B70400B558B6 /* SslWrapper.hpp */,
				B36CB3A41C09B70400B558B6 /* StrUtil.cpp */,
				B36CB3A51C09B70400B558B6 /* StrUtil.hpp */,
				B36CB3A61C09B70400B558B6 /* SubConnection.cpp */,
				B36CB3A71C09B70400B558B6 /* SubConnection.hpp */,
				B36CB3A81C09B70400B558B6 /* tags */,
				B36CB3A91C09B70400B558B6 /* Url.cpp */,
				B36CB3AA1C09B70400B558B6 /* Url.hpp */,
				B36CB3AB1C09B70400B558B6 /* Util.cpp */,
				B36CB3AC1C09B70400B558B6 /* Util.hpp */,
			);
			path = "browser-cc";
			sourceTree = "<group>";
		};
/* End PBXGroup section */

/* Begin PBXNativeTarget section */
		B34B738C1BBD73430059443A /* browser-cc */ = {
			isa = PBXNativeTarget;
			buildConfigurationList = B34B73941BBD73430059443A /* Build configuration list for PBXNativeTarget "browser-cc" */;
			buildPhases = (
				B34B73891BBD73430059443A /* Sources */,
				B34B738A1BBD73430059443A /* Frameworks */,
				B34B738B1BBD73430059443A /* CopyFiles */,
			);
			buildRules = (
			);
			dependencies = (
			);
			name = "browser-cc";
			productName = "browser-cc";
			productReference = B34B738D1BBD73430059443A /* browser-cc */;
			productType = "com.apple.product-type.tool";
		};
/* End PBXNativeTarget section */

/* Begin PBXProject section */
		B34B73851BBD73430059443A /* Project object */ = {
			isa = PBXProject;
			attributes = {
				LastUpgradeCheck = 0700;
				ORGANIZATIONNAME = "Nissassin Seventeen";
				TargetAttributes = {
					B34B738C1BBD73430059443A = {
						CreatedOnToolsVersion = 7.0.1;
					};
				};
			};
			buildConfigurationList = B34B73881BBD73430059443A /* Build configuration list for PBXProject "browser-cc" */;
			compatibilityVersion = "Xcode 3.2";
			developmentRegion = English;
			hasScannedForEncodings = 0;
			knownRegions = (
				en,
			);
			mainGroup = B34B73841BBD73430059443A;
			productRefGroup = B34B738E1BBD73430059443A /* Products */;
			projectDirPath = "";
			projectRoot = "";
			targets = (
				B34B738C1BBD73430059443A /* browser-cc */,
			);
		};
/* End PBXProject section */

/* Begin PBXSourcesBuildPhase section */
		B34B73891BBD73430059443A /* Sources */ = {
			isa = PBXSourcesBuildPhase;
			buildActionMask = 2147483647;
			files = (
				B36CB3BC1C09B70400B558B6 /* Browser.cpp in Sources */,
				B36CB3B31C09B70400B558B6 /* Asn1Map.cpp in Sources */,
				B36CB3B41C09B70400B558B6 /* Asn1Name.cpp in Sources */,
				B36CB3D81C09B70400B558B6 /* RSAPublicKey.cpp in Sources */,
				B36CB3E11C09B70400B558B6 /* Url.cpp in Sources */,
				B36CB3C61C09B70400B558B6 /* CompressionMethod.cpp in Sources */,
				B36CB3D21C09B70400B558B6 /* Makefile in Sources */,
				B36CB3D71C09B70400B558B6 /* Record.cpp in Sources */,
				B36CB3C41C09B70400B558B6 /* ClientHello.cpp in Sources */,
				B36CB3C81C09B70400B558B6 /* DigitallySigned.cpp in Sources */,
				B36CB3B61C09B70400B558B6 /* Asn1SubjectPublicKeyInfo.cpp in Sources */,
				B36CB3CE1C09B70400B558B6 /* Handshake.cpp in Sources */,
				B36CB3DA1C09B70400B558B6 /* ServerHello.cpp in Sources */,
				B36CB3D31C09B70400B558B6 /* PreMasterSecret.cpp in Sources */,
				B36CB3AF1C09B70400B558B6 /* ASN1.cpp in Sources */,
				B36CB3D01C09B70400B558B6 /* MAC.cpp in Sources */,
				B36CB3BB1C09B70400B558B6 /* BitUtil.cpp in Sources */,
				B36CB3C31C09B70400B558B6 /* ClientDiffieHellmanPublic.cpp in Sources */,
				B36CB3CF1C09B70400B558B6 /* Log.cpp in Sources */,
				B36CB3C01C09B70400B558B6 /* Cipher.cpp in Sources */,
				B36CB3C11C09B70400B558B6 /* CipherCore.cpp in Sources */,
				B36CB3B01C09B70400B558B6 /* Asn1AlgorithmIdentifier.cpp in Sources */,
				B36CB3BF1C09B70400B558B6 /* ChangeCipherSpec.cpp in Sources */,
				B36CB3AE1C09B70400B558B6 /* ApplicationData.cpp in Sources */,
				B36CB3D51C09B70400B558B6 /* Random.cpp in Sources */,
				B36CB3D41C09B70400B558B6 /* ProtocolVersion.cpp in Sources */,
				B36CB3DB1C09B70400B558B6 /* ServerHelloDone.cpp in Sources */,
				B36CB3E21C09B70400B558B6 /* Util.cpp in Sources */,
				B36CB3B71C09B70400B558B6 /* Asn1TBSCertificate.cpp in Sources */,
				B36CB3BD1C09B70400B558B6 /* Certificate.cpp in Sources */,
				B36CB3D61C09B70400B558B6 /* README.md in Sources */,
				B36CB3C51C09B70400B558B6 /* ClientKeyExchange.cpp in Sources */,
				B36CB3B21C09B70400B558B6 /* Asn1CertificateSerialNumber.cpp in Sources */,
				B36CB3AD1C09B70400B558B6 /* Alert.cpp in Sources */,
				B36CB3DE1C09B70400B558B6 /* SslWrapper.cpp in Sources */,
				B36CB3BA1C09B70400B558B6 /* BigNum.cpp in Sources */,
				B36CB3B91C09B70400B558B6 /* Asn1Validity.cpp in Sources */,
				B36CB3B11C09B70400B558B6 /* Asn1Cert.cpp in Sources */,
				B36CB3CB1C09B70400B558B6 /* Exportable.cpp in Sources */,
				B36CB3BE1C09B70400B558B6 /* CertificateRequest.cpp in Sources */,
				B36CB3B51C09B70400B558B6 /* Asn1RelativeDistinguishedName.cpp in Sources */,
				B36CB3C71C09B70400B558B6 /* Connection.cpp in Sources */,
				B36CB3CD1C09B70400B558B6 /* Finished.cpp in Sources */,
				B36CB3CC1C09B70400B558B6 /* Extension.cpp in Sources */,
				B36CB3DC1C09B70400B558B6 /* ServerKeyExchange.cpp in Sources */,
				B36CB3B81C09B70400B558B6 /* Asn1Time.cpp in Sources */,
				B36CB3E01C09B70400B558B6 /* SubConnection.cpp in Sources */,
				B36CB3CA1C09B70400B558B6 /* Err.cpp in Sources */,
				B36CB3C91C09B70400B558B6 /* EncryptedPreMasterSecret.cpp in Sources */,
				B36CB3C21C09B70400B558B6 /* CipherSuite.cpp in Sources */,
				B36CB3D91C09B70400B558B6 /* ServerDHParams.cpp in Sources */,
				B36CB3DD1C09B70400B558B6 /* SessionID.cpp in Sources */,
				B36CB3DF1C09B70400B558B6 /* StrUtil.cpp in Sources */,
				B36CB3D11C09B70400B558B6 /* main.cpp in Sources */,
			);
			runOnlyForDeploymentPostprocessing = 0;
		};
/* End PBXSourcesBuildPhase section */

/* Begin XCBuildConfiguration section */
		B34B73921BBD73430059443A /* Debug */ = {
			isa = XCBuildConfiguration;
			buildSettings = {
				ALWAYS_SEARCH_USER_PATHS = NO;
				CLANG_CXX_LANGUAGE_STANDARD = "gnu++0x";
				CLANG_CXX_LIBRARY = "libc++";
				CLANG_ENABLE_MODULES = YES;
				CLANG_ENABLE_OBJC_ARC = YES;
				CLANG_WARN_BOOL_CONVERSION = YES;
				CLANG_WARN_CONSTANT_CONVERSION = YES;
				CLANG_WARN_DIRECT_OBJC_ISA_USAGE = YES_ERROR;
				CLANG_WARN_EMPTY_BODY = YES;
				CLANG_WARN_ENUM_CONVERSION = YES;
				CLANG_WARN_INT_CONVERSION = YES;
				CLANG_WARN_OBJC_ROOT_CLASS = YES_ERROR;
				CLANG_WARN_UNREACHABLE_CODE = YES;
				CLANG_WARN__DUPLICATE_METHOD_MATCH = YES;
				COPY_PHASE_STRIP = NO;
				DEBUG_INFORMATION_FORMAT = dwarf;
				ENABLE_STRICT_OBJC_MSGSEND = YES;
				ENABLE_TESTABILITY = YES;
				GCC_C_LANGUAGE_STANDARD = gnu99;
				GCC_DYNAMIC_NO_PIC = NO;
				GCC_NO_COMMON_BLOCKS = YES;
				GCC_OPTIMIZATION_LEVEL = 0;
				GCC_PREPROCESSOR_DEFINITIONS = (
					"DEBUG=1",
					"$(inherited)",
				);
				GCC_WARN_64_TO_32_BIT_CONVERSION = YES;
				GCC_WARN_ABOUT_RETURN_TYPE = YES_ERROR;
				GCC_WARN_UNDECLARED_SELECTOR = YES;
				GCC_WARN_UNINITIALIZED_AUTOS = YES_AGGRESSIVE;
				GCC_WARN_UNUSED_FUNCTION = YES;
				GCC_WARN_UNUSED_VARIABLE = YES;
				MACOSX_DEPLOYMENT_TARGET = 10.10;
				MTL_ENABLE_DEBUG_INFO = YES;
				ONLY_ACTIVE_ARCH = YES;
				SDKROOT = macosx;
			};
			name = Debug;
		};
		B34B73931BBD73430059443A /* Release */ = {
			isa = XCBuildConfiguration;
			buildSettings = {
				ALWAYS_SEARCH_USER_PATHS = NO;
				CLANG_CXX_LANGUAGE_STANDARD = "gnu++0x";
				CLANG_CXX_LIBRARY = "libc++";
				CLANG_ENABLE_MODULES = YES;
				CLANG_ENABLE_OBJC_ARC = YES;
				CLANG_WARN_BOOL_CONVERSION = YES;
				CLANG_WARN_CONSTANT_CONVERSION = YES;
				CLANG_WARN_DIRECT_OBJC_ISA_USAGE = YES_ERROR;
				CLANG_WARN_EMPTY_BODY = YES;
				CLANG_WARN_ENUM_CONVERSION = YES;
				CLANG_WARN_INT_CONVERSION = YES;
				CLANG_WARN_OBJC_ROOT_CLASS = YES_ERROR;
				CLANG_WARN_UNREACHABLE_CODE = YES;
				CLANG_WARN__DUPLICATE_METHOD_MATCH = YES;
				COPY_PHASE_STRIP = NO;
				DEBUG_INFORMATION_FORMAT = "dwarf-with-dsym";
				ENABLE_NS_ASSERTIONS = NO;
				ENABLE_STRICT_OBJC_MSGSEND = YES;
				GCC_C_LANGUAGE_STANDARD = gnu99;
				GCC_NO_COMMON_BLOCKS = YES;
				GCC_WARN_64_TO_32_BIT_CONVERSION = YES;
				GCC_WARN_ABOUT_RETURN_TYPE = YES_ERROR;
				GCC_WARN_UNDECLARED_SELECTOR = YES;
				GCC_WARN_UNINITIALIZED_AUTOS = YES_AGGRESSIVE;
				GCC_WARN_UNUSED_FUNCTION = YES;
				GCC_WARN_UNUSED_VARIABLE = YES;
				MACOSX_DEPLOYMENT_TARGET = 10.10;
				MTL_ENABLE_DEBUG_INFO = NO;
				SDKROOT = macosx;
			};
			name = Release;
		};
		B34B73951BBD73430059443A /* Debug */ = {
			isa = XCBuildConfiguration;
			buildSettings = {
				PRODUCT_NAME = "$(TARGET_NAME)";
			};
			name = Debug;
		};
		B34B73961BBD73430059443A /* Release */ = {
			isa = XCBuildConfiguration;
			buildSettings = {
				PRODUCT_NAME = "$(TARGET_NAME)";
			};
			name = Release;
		};
/* End XCBuildConfiguration section */

/* Begin XCConfigurationList section */
		B34B73881BBD73430059443A /* Build configuration list for PBXProject "browser-cc" */ = {
			isa = XCConfigurationList;
			buildConfigurations = (
				B34B73921BBD73430059443A /* Debug */,
				B34B73931BBD73430059443A /* Release */,
			);
			defaultConfigurationIsVisible = 0;
			defaultConfigurationName = Release;
		};
		B34B73941BBD73430059443A /* Build configuration list for PBXNativeTarget "browser-cc" */ = {
			isa = XCConfigurationList;
			buildConfigurations = (
				B34B73951BBD73430059443A /* Debug */,
				B34B73961BBD73430059443A /* Release */,
			);
			defaultConfigurationIsVisible = 0;
			defaultConfigurationName = Release;
		};
/* End XCConfigurationList section */
	};
	rootObject = B34B73851BBD73430059443A /* Project object */;
}
